// !$*UTF8*$!
{
	archiveVersion = 1;
	classes = {
	};
	objectVersion = 46;
	objects = {

/* Begin PBXBuildFile section */
		05409D7F192557CE00E8544C /* FBShimmeringLayer.m in Sources */ = {isa = PBXBuildFile; fileRef = 05409D7C192557CE00E8544C /* FBShimmeringLayer.m */; };
		05409D80192557CE00E8544C /* FBShimmeringView.m in Sources */ = {isa = PBXBuildFile; fileRef = 05409D7E192557CE00E8544C /* FBShimmeringView.m */; };
		0578F9811928BDCA00F8F7B3 /* ECPercentDrivenInteractiveTransition.m in Sources */ = {isa = PBXBuildFile; fileRef = 0578F9751928BDCA00F8F7B3 /* ECPercentDrivenInteractiveTransition.m */; };
		0578F9821928BDCA00F8F7B3 /* ECSlidingAnimationController.m in Sources */ = {isa = PBXBuildFile; fileRef = 0578F9771928BDCA00F8F7B3 /* ECSlidingAnimationController.m */; };
		0578F9831928BDCA00F8F7B3 /* ECSlidingInteractiveTransition.m in Sources */ = {isa = PBXBuildFile; fileRef = 0578F97A1928BDCA00F8F7B3 /* ECSlidingInteractiveTransition.m */; };
		0578F9841928BDCA00F8F7B3 /* ECSlidingSegue.m in Sources */ = {isa = PBXBuildFile; fileRef = 0578F97C1928BDCA00F8F7B3 /* ECSlidingSegue.m */; };
		0578F9851928BDCA00F8F7B3 /* ECSlidingViewController.m in Sources */ = {isa = PBXBuildFile; fileRef = 0578F97E1928BDCA00F8F7B3 /* ECSlidingViewController.m */; };
		0578F9861928BDCA00F8F7B3 /* UIViewController+ECSlidingViewController.m in Sources */ = {isa = PBXBuildFile; fileRef = 0578F9801928BDCA00F8F7B3 /* UIViewController+ECSlidingViewController.m */; };
		058117621925FC6E00B79087 /* blurred-violet.jpg in Resources */ = {isa = PBXBuildFile; fileRef = 058117611925FC6E00B79087 /* blurred-violet.jpg */; };
		058117641925FCC700B79087 /* bg-yellow.png in Resources */ = {isa = PBXBuildFile; fileRef = 058117631925FCC700B79087 /* bg-yellow.png */; };
		058117661925FD6F00B79087 /* bg-red.jpg in Resources */ = {isa = PBXBuildFile; fileRef = 058117651925FD6F00B79087 /* bg-red.jpg */; };
		05C077961924EC12005AB425 /* Foundation.framework in Frameworks */ = {isa = PBXBuildFile; fileRef = 05C077951924EC12005AB425 /* Foundation.framework */; };
		05C077981924EC12005AB425 /* CoreGraphics.framework in Frameworks */ = {isa = PBXBuildFile; fileRef = 05C077971924EC12005AB425 /* CoreGraphics.framework */; };
		05C0779A1924EC12005AB425 /* UIKit.framework in Frameworks */ = {isa = PBXBuildFile; fileRef = 05C077991924EC12005AB425 /* UIKit.framework */; };
		05C077A01924EC12005AB425 /* InfoPlist.strings in Resources */ = {isa = PBXBuildFile; fileRef = 05C0779E1924EC12005AB425 /* InfoPlist.strings */; };
		05C077A21924EC12005AB425 /* main.m in Sources */ = {isa = PBXBuildFile; fileRef = 05C077A11924EC12005AB425 /* main.m */; };
		05C077A61924EC12005AB425 /* TDAppDelegate.m in Sources */ = {isa = PBXBuildFile; fileRef = 05C077A51924EC12005AB425 /* TDAppDelegate.m */; };
		05C077A91924EC12005AB425 /* Main_iPhone.storyboard in Resources */ = {isa = PBXBuildFile; fileRef = 05C077A71924EC12005AB425 /* Main_iPhone.storyboard */; };
		05C077AC1924EC12005AB425 /* Main_iPad.storyboard in Resources */ = {isa = PBXBuildFile; fileRef = 05C077AA1924EC12005AB425 /* Main_iPad.storyboard */; };
		05C077AF1924EC12005AB425 /* TDFirstViewController.m in Sources */ = {isa = PBXBuildFile; fileRef = 05C077AE1924EC12005AB425 /* TDFirstViewController.m */; };
		05C077B21924EC12005AB425 /* TDSecondViewController.m in Sources */ = {isa = PBXBuildFile; fileRef = 05C077B11924EC12005AB425 /* TDSecondViewController.m */; };
		05C077B41924EC12005AB425 /* Images.xcassets in Resources */ = {isa = PBXBuildFile; fileRef = 05C077B31924EC12005AB425 /* Images.xcassets */; };
		05C077BB1924EC12005AB425 /* XCTest.framework in Frameworks */ = {isa = PBXBuildFile; fileRef = 05C077BA1924EC12005AB425 /* XCTest.framework */; };
		05C077BC1924EC12005AB425 /* Foundation.framework in Frameworks */ = {isa = PBXBuildFile; fileRef = 05C077951924EC12005AB425 /* Foundation.framework */; };
		05C077BD1924EC12005AB425 /* UIKit.framework in Frameworks */ = {isa = PBXBuildFile; fileRef = 05C077991924EC12005AB425 /* UIKit.framework */; };
		05C077C51924EC12005AB425 /* InfoPlist.strings in Resources */ = {isa = PBXBuildFile; fileRef = 05C077C31924EC12005AB425 /* InfoPlist.strings */; };
		05C077C71924EC12005AB425 /* watchrTests.m in Sources */ = {isa = PBXBuildFile; fileRef = 05C077C61924EC12005AB425 /* watchrTests.m */; };
		05C077D51924EE2B005AB425 /* IntroStoryboard_iPhone.storyboard in Resources */ = {isa = PBXBuildFile; fileRef = 05C077D41924EE2B005AB425 /* IntroStoryboard_iPhone.storyboard */; };
		05C077DA1924EF03005AB425 /* TDWelcomeScreenViewController.m in Sources */ = {isa = PBXBuildFile; fileRef = 05C077D91924EF03005AB425 /* TDWelcomeScreenViewController.m */; };
		05C0782B1924F192005AB425 /* TDCoreTabBarController.m in Sources */ = {isa = PBXBuildFile; fileRef = 05C0782A1924F192005AB425 /* TDCoreTabBarController.m */; };
		05C0782F1924FCE5005AB425 /* blurred-background.png in Resources */ = {isa = PBXBuildFile; fileRef = 05C0782E1924FCE5005AB425 /* blurred-background.png */; };
		05C0783419253B63005AB425 /* TDLoginViewController.m in Sources */ = {isa = PBXBuildFile; fileRef = 05C0783319253B63005AB425 /* TDLoginViewController.m */; };
		05C0783719253B73005AB425 /* TDRegisterViewController.m in Sources */ = {isa = PBXBuildFile; fileRef = 05C0783619253B73005AB425 /* TDRegisterViewController.m */; };
		05C0783D19253C6E005AB425 /* back-chevron.png in Resources */ = {isa = PBXBuildFile; fileRef = 05C0783819253C6E005AB425 /* back-chevron.png */; };
		05C0783E19253C6E005AB425 /* back-chevron@2x.png in Resources */ = {isa = PBXBuildFile; fileRef = 05C0783919253C6E005AB425 /* back-chevron@2x.png */; };
		05C0783F19253C6E005AB425 /* login-background@2x.png in Resources */ = {isa = PBXBuildFile; fileRef = 05C0783A19253C6E005AB425 /* login-background@2x.png */; };
		05C0784019253C6E005AB425 /* login-button-clear.png in Resources */ = {isa = PBXBuildFile; fileRef = 05C0783B19253C6E005AB425 /* login-button-clear.png */; };
		05C0784119253C6E005AB425 /* login-button-clear@2x.png in Resources */ = {isa = PBXBuildFile; fileRef = 05C0783C19253C6E005AB425 /* login-button-clear@2x.png */; };
		05C40A51192A4D8E002F1F1A /* MEFoldAnimationController.m in Sources */ = {isa = PBXBuildFile; fileRef = 05C40A4C192A4D8E002F1F1A /* MEFoldAnimationController.m */; };
		05C40A52192A4D8E002F1F1A /* MEZoomAnimationController.m in Sources */ = {isa = PBXBuildFile; fileRef = 05C40A4E192A4D8E002F1F1A /* MEZoomAnimationController.m */; };
		05C40A53192A4D8E002F1F1A /* MEDynamicTransition.m in Sources */ = {isa = PBXBuildFile; fileRef = 05C40A50192A4D8E002F1F1A /* MEDynamicTransition.m */; };
		05C40A57192A4E30002F1F1A /* METransitions.m in Sources */ = {isa = PBXBuildFile; fileRef = 05C40A56192A4E30002F1F1A /* METransitions.m */; };
		05C40A59192A54B6002F1F1A /* libPods-TransitionFun.a in Frameworks */ = {isa = PBXBuildFile; fileRef = 05C40A58192A54B6002F1F1A /* libPods-TransitionFun.a */; };
/* End PBXBuildFile section */

/* Begin PBXContainerItemProxy section */
		05C077BE1924EC12005AB425 /* PBXContainerItemProxy */ = {
			isa = PBXContainerItemProxy;
			containerPortal = 05C0778A1924EC12005AB425 /* Project object */;
			proxyType = 1;
			remoteGlobalIDString = 05C077911924EC12005AB425;
			remoteInfo = watchr;
		};
/* End PBXContainerItemProxy section */

/* Begin PBXFileReference section */
		05409D79192557CE00E8544C /* FBShimmering-Prefix.pch */ = {isa = PBXFileReference; fileEncoding = 4; lastKnownFileType = sourcecode.c.h; path = "FBShimmering-Prefix.pch"; sourceTree = "<group>"; };
		05409D7A192557CE00E8544C /* FBShimmering.h */ = {isa = PBXFileReference; fileEncoding = 4; lastKnownFileType = sourcecode.c.h; path = FBShimmering.h; sourceTree = "<group>"; };
		05409D7B192557CE00E8544C /* FBShimmeringLayer.h */ = {isa = PBXFileReference; fileEncoding = 4; lastKnownFileType = sourcecode.c.h; path = FBShimmeringLayer.h; sourceTree = "<group>"; };
		05409D7C192557CE00E8544C /* FBShimmeringLayer.m */ = {isa = PBXFileReference; fileEncoding = 4; lastKnownFileType = sourcecode.c.objc; path = FBShimmeringLayer.m; sourceTree = "<group>"; };
		05409D7D192557CE00E8544C /* FBShimmeringView.h */ = {isa = PBXFileReference; fileEncoding = 4; lastKnownFileType = sourcecode.c.h; path = FBShimmeringView.h; sourceTree = "<group>"; };
		05409D7E192557CE00E8544C /* FBShimmeringView.m */ = {isa = PBXFileReference; fileEncoding = 4; lastKnownFileType = sourcecode.c.objc; path = FBShimmeringView.m; sourceTree = "<group>"; };
		0578F9741928BDCA00F8F7B3 /* ECPercentDrivenInteractiveTransition.h */ = {isa = PBXFileReference; fileEncoding = 4; lastKnownFileType = sourcecode.c.h; path = ECPercentDrivenInteractiveTransition.h; sourceTree = "<group>"; };
		0578F9751928BDCA00F8F7B3 /* ECPercentDrivenInteractiveTransition.m */ = {isa = PBXFileReference; fileEncoding = 4; lastKnownFileType = sourcecode.c.objc; path = ECPercentDrivenInteractiveTransition.m; sourceTree = "<group>"; };
		0578F9761928BDCA00F8F7B3 /* ECSlidingAnimationController.h */ = {isa = PBXFileReference; fileEncoding = 4; lastKnownFileType = sourcecode.c.h; path = ECSlidingAnimationController.h; sourceTree = "<group>"; };
		0578F9771928BDCA00F8F7B3 /* ECSlidingAnimationController.m */ = {isa = PBXFileReference; fileEncoding = 4; lastKnownFileType = sourcecode.c.objc; path = ECSlidingAnimationController.m; sourceTree = "<group>"; };
		0578F9781928BDCA00F8F7B3 /* ECSlidingConstants.h */ = {isa = PBXFileReference; fileEncoding = 4; lastKnownFileType = sourcecode.c.h; path = ECSlidingConstants.h; sourceTree = "<group>"; };
		0578F9791928BDCA00F8F7B3 /* ECSlidingInteractiveTransition.h */ = {isa = PBXFileReference; fileEncoding = 4; lastKnownFileType = sourcecode.c.h; path = ECSlidingInteractiveTransition.h; sourceTree = "<group>"; };
		0578F97A1928BDCA00F8F7B3 /* ECSlidingInteractiveTransition.m */ = {isa = PBXFileReference; fileEncoding = 4; lastKnownFileType = sourcecode.c.objc; path = ECSlidingInteractiveTransition.m; sourceTree = "<group>"; };
		0578F97B1928BDCA00F8F7B3 /* ECSlidingSegue.h */ = {isa = PBXFileReference; fileEncoding = 4; lastKnownFileType = sourcecode.c.h; path = ECSlidingSegue.h; sourceTree = "<group>"; };
		0578F97C1928BDCA00F8F7B3 /* ECSlidingSegue.m */ = {isa = PBXFileReference; fileEncoding = 4; lastKnownFileType = sourcecode.c.objc; path = ECSlidingSegue.m; sourceTree = "<group>"; };
		0578F97D1928BDCA00F8F7B3 /* ECSlidingViewController.h */ = {isa = PBXFileReference; fileEncoding = 4; lastKnownFileType = sourcecode.c.h; path = ECSlidingViewController.h; sourceTree = "<group>"; };
		0578F97E1928BDCA00F8F7B3 /* ECSlidingViewController.m */ = {isa = PBXFileReference; fileEncoding = 4; lastKnownFileType = sourcecode.c.objc; path = ECSlidingViewController.m; sourceTree = "<group>"; };
		0578F97F1928BDCA00F8F7B3 /* UIViewController+ECSlidingViewController.h */ = {isa = PBXFileReference; fileEncoding = 4; lastKnownFileType = sourcecode.c.h; path = "UIViewController+ECSlidingViewController.h"; sourceTree = "<group>"; };
		0578F9801928BDCA00F8F7B3 /* UIViewController+ECSlidingViewController.m */ = {isa = PBXFileReference; fileEncoding = 4; lastKnownFileType = sourcecode.c.objc; path = "UIViewController+ECSlidingViewController.m"; sourceTree = "<group>"; };
		058117611925FC6E00B79087 /* blurred-violet.jpg */ = {isa = PBXFileReference; lastKnownFileType = image.jpeg; path = "blurred-violet.jpg"; sourceTree = "<group>"; };
		058117631925FCC700B79087 /* bg-yellow.png */ = {isa = PBXFileReference; lastKnownFileType = image.png; path = "bg-yellow.png"; sourceTree = "<group>"; };
		058117651925FD6F00B79087 /* bg-red.jpg */ = {isa = PBXFileReference; lastKnownFileType = image.jpeg; path = "bg-red.jpg"; sourceTree = "<group>"; };
		05B66A1B1928ACC9009D6F1F /* TDWelcomeNavigationDelegate.h */ = {isa = PBXFileReference; fileEncoding = 4; lastKnownFileType = sourcecode.c.h; name = TDWelcomeNavigationDelegate.h; path = iPhone/TDWelcomeNavigationDelegate.h; sourceTree = "<group>"; };
		05C077921924EC12005AB425 /* watchr.app */ = {isa = PBXFileReference; explicitFileType = wrapper.application; includeInIndex = 0; path = watchr.app; sourceTree = BUILT_PRODUCTS_DIR; };
		05C077951924EC12005AB425 /* Foundation.framework */ = {isa = PBXFileReference; lastKnownFileType = wrapper.framework; name = Foundation.framework; path = System/Library/Frameworks/Foundation.framework; sourceTree = SDKROOT; };
		05C077971924EC12005AB425 /* CoreGraphics.framework */ = {isa = PBXFileReference; lastKnownFileType = wrapper.framework; name = CoreGraphics.framework; path = System/Library/Frameworks/CoreGraphics.framework; sourceTree = SDKROOT; };
		05C077991924EC12005AB425 /* UIKit.framework */ = {isa = PBXFileReference; lastKnownFileType = wrapper.framework; name = UIKit.framework; path = System/Library/Frameworks/UIKit.framework; sourceTree = SDKROOT; };
		05C0779D1924EC12005AB425 /* watchr-Info.plist */ = {isa = PBXFileReference; lastKnownFileType = text.plist.xml; path = "watchr-Info.plist"; sourceTree = "<group>"; };
		05C0779F1924EC12005AB425 /* en */ = {isa = PBXFileReference; lastKnownFileType = text.plist.strings; name = en; path = en.lproj/InfoPlist.strings; sourceTree = "<group>"; };
		05C077A11924EC12005AB425 /* main.m */ = {isa = PBXFileReference; lastKnownFileType = sourcecode.c.objc; path = main.m; sourceTree = "<group>"; };
		05C077A31924EC12005AB425 /* watchr-Prefix.pch */ = {isa = PBXFileReference; lastKnownFileType = sourcecode.c.h; path = "watchr-Prefix.pch"; sourceTree = "<group>"; };
		05C077A41924EC12005AB425 /* TDAppDelegate.h */ = {isa = PBXFileReference; lastKnownFileType = sourcecode.c.h; path = TDAppDelegate.h; sourceTree = "<group>"; };
		05C077A51924EC12005AB425 /* TDAppDelegate.m */ = {isa = PBXFileReference; lastKnownFileType = sourcecode.c.objc; path = TDAppDelegate.m; sourceTree = "<group>"; };
		05C077A81924EC12005AB425 /* Base */ = {isa = PBXFileReference; lastKnownFileType = file.storyboard; name = Base; path = Base.lproj/Main_iPhone.storyboard; sourceTree = "<group>"; };
		05C077AB1924EC12005AB425 /* Base */ = {isa = PBXFileReference; lastKnownFileType = file.storyboard; name = Base; path = Base.lproj/Main_iPad.storyboard; sourceTree = "<group>"; };
		05C077AD1924EC12005AB425 /* TDFirstViewController.h */ = {isa = PBXFileReference; lastKnownFileType = sourcecode.c.h; path = TDFirstViewController.h; sourceTree = "<group>"; };
		05C077AE1924EC12005AB425 /* TDFirstViewController.m */ = {isa = PBXFileReference; lastKnownFileType = sourcecode.c.objc; path = TDFirstViewController.m; sourceTree = "<group>"; };
		05C077B01924EC12005AB425 /* TDSecondViewController.h */ = {isa = PBXFileReference; lastKnownFileType = sourcecode.c.h; path = TDSecondViewController.h; sourceTree = "<group>"; };
		05C077B11924EC12005AB425 /* TDSecondViewController.m */ = {isa = PBXFileReference; lastKnownFileType = sourcecode.c.objc; path = TDSecondViewController.m; sourceTree = "<group>"; };
		05C077B31924EC12005AB425 /* Images.xcassets */ = {isa = PBXFileReference; lastKnownFileType = folder.assetcatalog; name = Images.xcassets; path = watchr/Images.xcassets; sourceTree = "<group>"; };
		05C077B91924EC12005AB425 /* watchrTests.xctest */ = {isa = PBXFileReference; explicitFileType = wrapper.cfbundle; includeInIndex = 0; path = watchrTests.xctest; sourceTree = BUILT_PRODUCTS_DIR; };
		05C077BA1924EC12005AB425 /* XCTest.framework */ = {isa = PBXFileReference; lastKnownFileType = wrapper.framework; name = XCTest.framework; path = Library/Frameworks/XCTest.framework; sourceTree = DEVELOPER_DIR; };
		05C077C21924EC12005AB425 /* watchrTests-Info.plist */ = {isa = PBXFileReference; lastKnownFileType = text.plist.xml; path = "watchrTests-Info.plist"; sourceTree = "<group>"; };
		05C077C41924EC12005AB425 /* en */ = {isa = PBXFileReference; lastKnownFileType = text.plist.strings; name = en; path = en.lproj/InfoPlist.strings; sourceTree = "<group>"; };
		05C077C61924EC12005AB425 /* watchrTests.m */ = {isa = PBXFileReference; lastKnownFileType = sourcecode.c.objc; path = watchrTests.m; sourceTree = "<group>"; };
		05C077D41924EE2B005AB425 /* IntroStoryboard_iPhone.storyboard */ = {isa = PBXFileReference; fileEncoding = 4; lastKnownFileType = file.storyboard; name = IntroStoryboard_iPhone.storyboard; path = iPhone/IntroStoryboard_iPhone.storyboard; sourceTree = "<group>"; };
		05C077D81924EF03005AB425 /* TDWelcomeScreenViewController.h */ = {isa = PBXFileReference; fileEncoding = 4; lastKnownFileType = sourcecode.c.h; name = TDWelcomeScreenViewController.h; path = iPhone/TDWelcomeScreenViewController.h; sourceTree = "<group>"; };
		05C077D91924EF03005AB425 /* TDWelcomeScreenViewController.m */ = {isa = PBXFileReference; fileEncoding = 4; lastKnownFileType = sourcecode.c.objc; name = TDWelcomeScreenViewController.m; path = iPhone/TDWelcomeScreenViewController.m; sourceTree = "<group>"; };
		05C078291924F192005AB425 /* TDCoreTabBarController.h */ = {isa = PBXFileReference; fileEncoding = 4; lastKnownFileType = sourcecode.c.h; name = TDCoreTabBarController.h; path = iPhone/TDCoreTabBarController.h; sourceTree = "<group>"; };
		05C0782A1924F192005AB425 /* TDCoreTabBarController.m */ = {isa = PBXFileReference; fileEncoding = 4; lastKnownFileType = sourcecode.c.objc; name = TDCoreTabBarController.m; path = iPhone/TDCoreTabBarController.m; sourceTree = "<group>"; };
		05C0782E1924FCE5005AB425 /* blurred-background.png */ = {isa = PBXFileReference; lastKnownFileType = image.png; path = "blurred-background.png"; sourceTree = "<group>"; };
		05C0783219253B63005AB425 /* TDLoginViewController.h */ = {isa = PBXFileReference; fileEncoding = 4; lastKnownFileType = sourcecode.c.h; name = TDLoginViewController.h; path = iPhone/TDLoginViewController.h; sourceTree = "<group>"; };
		05C0783319253B63005AB425 /* TDLoginViewController.m */ = {isa = PBXFileReference; fileEncoding = 4; lastKnownFileType = sourcecode.c.objc; name = TDLoginViewController.m; path = iPhone/TDLoginViewController.m; sourceTree = "<group>"; };
		05C0783519253B73005AB425 /* TDRegisterViewController.h */ = {isa = PBXFileReference; fileEncoding = 4; lastKnownFileType = sourcecode.c.h; name = TDRegisterViewController.h; path = iPhone/TDRegisterViewController.h; sourceTree = "<group>"; };
		05C0783619253B73005AB425 /* TDRegisterViewController.m */ = {isa = PBXFileReference; fileEncoding = 4; lastKnownFileType = sourcecode.c.objc; name = TDRegisterViewController.m; path = iPhone/TDRegisterViewController.m; sourceTree = "<group>"; };
		05C0783819253C6E005AB425 /* back-chevron.png */ = {isa = PBXFileReference; lastKnownFileType = image.png; path = "back-chevron.png"; sourceTree = "<group>"; };
		05C0783919253C6E005AB425 /* back-chevron@2x.png */ = {isa = PBXFileReference; lastKnownFileType = image.png; path = "back-chevron@2x.png"; sourceTree = "<group>"; };
		05C0783A19253C6E005AB425 /* login-background@2x.png */ = {isa = PBXFileReference; lastKnownFileType = image.png; path = "login-background@2x.png"; sourceTree = "<group>"; };
		05C0783B19253C6E005AB425 /* login-button-clear.png */ = {isa = PBXFileReference; lastKnownFileType = image.png; path = "login-button-clear.png"; sourceTree = "<group>"; };
		05C0783C19253C6E005AB425 /* login-button-clear@2x.png */ = {isa = PBXFileReference; lastKnownFileType = image.png; path = "login-button-clear@2x.png"; sourceTree = "<group>"; };
		05C40A4B192A4D8E002F1F1A /* MEFoldAnimationController.h */ = {isa = PBXFileReference; fileEncoding = 4; lastKnownFileType = sourcecode.c.h; path = MEFoldAnimationController.h; sourceTree = "<group>"; };
		05C40A4C192A4D8E002F1F1A /* MEFoldAnimationController.m */ = {isa = PBXFileReference; fileEncoding = 4; lastKnownFileType = sourcecode.c.objc; path = MEFoldAnimationController.m; sourceTree = "<group>"; };
		05C40A4D192A4D8E002F1F1A /* MEZoomAnimationController.h */ = {isa = PBXFileReference; fileEncoding = 4; lastKnownFileType = sourcecode.c.h; path = MEZoomAnimationController.h; sourceTree = "<group>"; };
		05C40A4E192A4D8E002F1F1A /* MEZoomAnimationController.m */ = {isa = PBXFileReference; fileEncoding = 4; lastKnownFileType = sourcecode.c.objc; path = MEZoomAnimationController.m; sourceTree = "<group>"; };
		05C40A4F192A4D8E002F1F1A /* MEDynamicTransition.h */ = {isa = PBXFileReference; fileEncoding = 4; lastKnownFileType = sourcecode.c.h; path = MEDynamicTransition.h; sourceTree = "<group>"; };
		05C40A50192A4D8E002F1F1A /* MEDynamicTransition.m */ = {isa = PBXFileReference; fileEncoding = 4; lastKnownFileType = sourcecode.c.objc; path = MEDynamicTransition.m; sourceTree = "<group>"; };
		05C40A55192A4E30002F1F1A /* METransitions.h */ = {isa = PBXFileReference; fileEncoding = 4; lastKnownFileType = sourcecode.c.h; path = METransitions.h; sourceTree = "<group>"; };
		05C40A56192A4E30002F1F1A /* METransitions.m */ = {isa = PBXFileReference; fileEncoding = 4; lastKnownFileType = sourcecode.c.objc; path = METransitions.m; sourceTree = "<group>"; };
		05C40A58192A54B6002F1F1A /* libPods-TransitionFun.a */ = {isa = PBXFileReference; lastKnownFileType = archive.ar; path = "libPods-TransitionFun.a"; sourceTree = "<group>"; };
/* End PBXFileReference section */

/* Begin PBXFrameworksBuildPhase section */
		05C0778F1924EC12005AB425 /* Frameworks */ = {
			isa = PBXFrameworksBuildPhase;
			buildActionMask = 2147483647;
			files = (
				05C40A59192A54B6002F1F1A /* libPods-TransitionFun.a in Frameworks */,
				05C077981924EC12005AB425 /* CoreGraphics.framework in Frameworks */,
				05C0779A1924EC12005AB425 /* UIKit.framework in Frameworks */,
				05C077961924EC12005AB425 /* Foundation.framework in Frameworks */,
			);
			runOnlyForDeploymentPostprocessing = 0;
		};
		05C077B61924EC12005AB425 /* Frameworks */ = {
			isa = PBXFrameworksBuildPhase;
			buildActionMask = 2147483647;
			files = (
				05C077BB1924EC12005AB425 /* XCTest.framework in Frameworks */,
				05C077BD1924EC12005AB425 /* UIKit.framework in Frameworks */,
				05C077BC1924EC12005AB425 /* Foundation.framework in Frameworks */,
			);
			runOnlyForDeploymentPostprocessing = 0;
		};
/* End PBXFrameworksBuildPhase section */

/* Begin PBXGroup section */
		05409D77192557B300E8544C /* Vendor */ = {
			isa = PBXGroup;
			children = (
				05C40A54192A4D92002F1F1A /* Transitions */,
				0578F9731928BDCA00F8F7B3 /* ECSlidingViewController */,
				05409D78192557CE00E8544C /* FBShimmering */,
			);
			name = Vendor;
			sourceTree = "<group>";
		};
		05409D78192557CE00E8544C /* FBShimmering */ = {
			isa = PBXGroup;
			children = (
				05409D79192557CE00E8544C /* FBShimmering-Prefix.pch */,
				05409D7A192557CE00E8544C /* FBShimmering.h */,
				05409D7B192557CE00E8544C /* FBShimmeringLayer.h */,
				05409D7C192557CE00E8544C /* FBShimmeringLayer.m */,
				05409D7D192557CE00E8544C /* FBShimmeringView.h */,
				05409D7E192557CE00E8544C /* FBShimmeringView.m */,
			);
			path = FBShimmering;
			sourceTree = "<group>";
		};
		0578F9731928BDCA00F8F7B3 /* ECSlidingViewController */ = {
			isa = PBXGroup;
			children = (
				0578F9741928BDCA00F8F7B3 /* ECPercentDrivenInteractiveTransition.h */,
				0578F9751928BDCA00F8F7B3 /* ECPercentDrivenInteractiveTransition.m */,
				0578F9761928BDCA00F8F7B3 /* ECSlidingAnimationController.h */,
				0578F9771928BDCA00F8F7B3 /* ECSlidingAnimationController.m */,
				0578F9781928BDCA00F8F7B3 /* ECSlidingConstants.h */,
				0578F9791928BDCA00F8F7B3 /* ECSlidingInteractiveTransition.h */,
				0578F97A1928BDCA00F8F7B3 /* ECSlidingInteractiveTransition.m */,
				0578F97B1928BDCA00F8F7B3 /* ECSlidingSegue.h */,
				0578F97C1928BDCA00F8F7B3 /* ECSlidingSegue.m */,
				0578F97D1928BDCA00F8F7B3 /* ECSlidingViewController.h */,
				0578F97E1928BDCA00F8F7B3 /* ECSlidingViewController.m */,
				0578F97F1928BDCA00F8F7B3 /* UIViewController+ECSlidingViewController.h */,
				0578F9801928BDCA00F8F7B3 /* UIViewController+ECSlidingViewController.m */,
			);
			path = ECSlidingViewController;
			sourceTree = "<group>";
		};
		05C077891924EC12005AB425 = {
			isa = PBXGroup;
			children = (
				05C0779B1924EC12005AB425 /* watchr */,
				05C077B31924EC12005AB425 /* Images.xcassets */,
				05C077C01924EC12005AB425 /* watchrTests */,
				05C077941924EC12005AB425 /* Frameworks */,
				05C077931924EC12005AB425 /* Products */,
			);
			sourceTree = "<group>";
		};
		05C077931924EC12005AB425 /* Products */ = {
			isa = PBXGroup;
			children = (
				05C077921924EC12005AB425 /* watchr.app */,
				05C077B91924EC12005AB425 /* watchrTests.xctest */,
			);
			name = Products;
			sourceTree = "<group>";
		};
		05C077941924EC12005AB425 /* Frameworks */ = {
			isa = PBXGroup;
			children = (
				05C40A58192A54B6002F1F1A /* libPods-TransitionFun.a */,
				05C077951924EC12005AB425 /* Foundation.framework */,
				05C077971924EC12005AB425 /* CoreGraphics.framework */,
				05C077991924EC12005AB425 /* UIKit.framework */,
				05C077BA1924EC12005AB425 /* XCTest.framework */,
			);
			name = Frameworks;
			sourceTree = "<group>";
		};
		05C0779B1924EC12005AB425 /* watchr */ = {
			isa = PBXGroup;
			children = (
				05409D77192557B300E8544C /* Vendor */,
				05C0782C1924FCC8005AB425 /* Assets */,
				05C077D01924EDCA005AB425 /* iPhone */,
				05C077AD1924EC12005AB425 /* TDFirstViewController.h */,
				05C077AE1924EC12005AB425 /* TDFirstViewController.m */,
				05C077B01924EC12005AB425 /* TDSecondViewController.h */,
				05C077B11924EC12005AB425 /* TDSecondViewController.m */,
				05C077D61924EE59005AB425 /* iPad */,
				05C0779C1924EC12005AB425 /* Supporting Files */,
			);
			path = watchr;
			sourceTree = "<group>";
		};
		05C0779C1924EC12005AB425 /* Supporting Files */ = {
			isa = PBXGroup;
			children = (
				05C0779D1924EC12005AB425 /* watchr-Info.plist */,
				05C0779E1924EC12005AB425 /* InfoPlist.strings */,
				05C077A11924EC12005AB425 /* main.m */,
				05C077A31924EC12005AB425 /* watchr-Prefix.pch */,
			);
			name = "Supporting Files";
			sourceTree = "<group>";
		};
		05C077C01924EC12005AB425 /* watchrTests */ = {
			isa = PBXGroup;
			children = (
				05C077C61924EC12005AB425 /* watchrTests.m */,
				05C077C11924EC12005AB425 /* Supporting Files */,
			);
			path = watchrTests;
			sourceTree = "<group>";
		};
		05C077C11924EC12005AB425 /* Supporting Files */ = {
			isa = PBXGroup;
			children = (
				05C077C21924EC12005AB425 /* watchrTests-Info.plist */,
				05C077C31924EC12005AB425 /* InfoPlist.strings */,
			);
			name = "Supporting Files";
			sourceTree = "<group>";
		};
		05C077D01924EDCA005AB425 /* iPhone */ = {
			isa = PBXGroup;
			children = (
				05C077A41924EC12005AB425 /* TDAppDelegate.h */,
				05C077A51924EC12005AB425 /* TDAppDelegate.m */,
				05C077A71924EC12005AB425 /* Main_iPhone.storyboard */,
				05C077D11924EDD3005AB425 /* Intro */,
				05C078281924F173005AB425 /* Core */,
			);
			name = iPhone;
			sourceTree = "<group>";
		};
		05C077D11924EDD3005AB425 /* Intro */ = {
			isa = PBXGroup;
			children = (
				05C077D41924EE2B005AB425 /* IntroStoryboard_iPhone.storyboard */,
				05C077D71924EEDA005AB425 /* Welcome Screen */,
			);
			name = Intro;
			sourceTree = "<group>";
		};
		05C077D61924EE59005AB425 /* iPad */ = {
			isa = PBXGroup;
			children = (
				05C077AA1924EC12005AB425 /* Main_iPad.storyboard */,
			);
			name = iPad;
			sourceTree = "<group>";
		};
		05C077D71924EEDA005AB425 /* Welcome Screen */ = {
			isa = PBXGroup;
			children = (
				05B66A1B1928ACC9009D6F1F /* TDWelcomeNavigationDelegate.h */,
				05C077D81924EF03005AB425 /* TDWelcomeScreenViewController.h */,
				05C077D91924EF03005AB425 /* TDWelcomeScreenViewController.m */,
				05C07831192539A9005AB425 /* Login Screen */,
				05C078301925399B005AB425 /* Register Screen */,
			);
			name = "Welcome Screen";
			sourceTree = "<group>";
		};
		05C078281924F173005AB425 /* Core */ = {
			isa = PBXGroup;
			children = (
				05C078291924F192005AB425 /* TDCoreTabBarController.h */,
				05C0782A1924F192005AB425 /* TDCoreTabBarController.m */,
			);
			name = Core;
			sourceTree = "<group>";
		};
		05C0782C1924FCC8005AB425 /* Assets */ = {
			isa = PBXGroup;
			children = (
				05C0782D1924FCD4005AB425 /* Intro */,
			);
			name = Assets;
			sourceTree = "<group>";
		};
		05C0782D1924FCD4005AB425 /* Intro */ = {
			isa = PBXGroup;
			children = (
				058117651925FD6F00B79087 /* bg-red.jpg */,
				058117631925FCC700B79087 /* bg-yellow.png */,
				058117611925FC6E00B79087 /* blurred-violet.jpg */,
				05C0783819253C6E005AB425 /* back-chevron.png */,
				05C0783919253C6E005AB425 /* back-chevron@2x.png */,
				05C0783A19253C6E005AB425 /* login-background@2x.png */,
				05C0783B19253C6E005AB425 /* login-button-clear.png */,
				05C0783C19253C6E005AB425 /* login-button-clear@2x.png */,
				05C0782E1924FCE5005AB425 /* blurred-background.png */,
			);
			name = Intro;
			sourceTree = "<group>";
		};
		05C078301925399B005AB425 /* Register Screen */ = {
			isa = PBXGroup;
			children = (
				05C0783519253B73005AB425 /* TDRegisterViewController.h */,
				05C0783619253B73005AB425 /* TDRegisterViewController.m */,
			);
			name = "Register Screen";
			sourceTree = "<group>";
		};
		05C07831192539A9005AB425 /* Login Screen */ = {
			isa = PBXGroup;
			children = (
				05C0783219253B63005AB425 /* TDLoginViewController.h */,
				05C0783319253B63005AB425 /* TDLoginViewController.m */,
			);
			name = "Login Screen";
			sourceTree = "<group>";
		};
		05C40A54192A4D92002F1F1A /* Transitions */ = {
			isa = PBXGroup;
			children = (
				05C40A55192A4E30002F1F1A /* METransitions.h */,
				05C40A56192A4E30002F1F1A /* METransitions.m */,
				05C40A4B192A4D8E002F1F1A /* MEFoldAnimationController.h */,
				05C40A4C192A4D8E002F1F1A /* MEFoldAnimationController.m */,
				05C40A4D192A4D8E002F1F1A /* MEZoomAnimationController.h */,
				05C40A4E192A4D8E002F1F1A /* MEZoomAnimationController.m */,
				05C40A4F192A4D8E002F1F1A /* MEDynamicTransition.h */,
				05C40A50192A4D8E002F1F1A /* MEDynamicTransition.m */,
			);
			name = Transitions;
			sourceTree = "<group>";
		};
/* End PBXGroup section */

/* Begin PBXNativeTarget section */
		05C077911924EC12005AB425 /* watchr */ = {
			isa = PBXNativeTarget;
			buildConfigurationList = 05C077CA1924EC12005AB425 /* Build configuration list for PBXNativeTarget "watchr" */;
			buildPhases = (
				05C0778E1924EC12005AB425 /* Sources */,
				05C0778F1924EC12005AB425 /* Frameworks */,
				05C077901924EC12005AB425 /* Resources */,
			);
			buildRules = (
			);
			dependencies = (
			);
			name = watchr;
			productName = watchr;
			productReference = 05C077921924EC12005AB425 /* watchr.app */;
			productType = "com.apple.product-type.application";
		};
		05C077B81924EC12005AB425 /* watchrTests */ = {
			isa = PBXNativeTarget;
			buildConfigurationList = 05C077CD1924EC12005AB425 /* Build configuration list for PBXNativeTarget "watchrTests" */;
			buildPhases = (
				05C077B51924EC12005AB425 /* Sources */,
				05C077B61924EC12005AB425 /* Frameworks */,
				05C077B71924EC12005AB425 /* Resources */,
			);
			buildRules = (
			);
			dependencies = (
				05C077BF1924EC12005AB425 /* PBXTargetDependency */,
			);
			name = watchrTests;
			productName = watchrTests;
			productReference = 05C077B91924EC12005AB425 /* watchrTests.xctest */;
			productType = "com.apple.product-type.bundle.unit-test";
		};
/* End PBXNativeTarget section */

/* Begin PBXProject section */
		05C0778A1924EC12005AB425 /* Project object */ = {
			isa = PBXProject;
			attributes = {
				CLASSPREFIX = TD;
				LastUpgradeCheck = 0510;
				ORGANIZATIONNAME = "Tudor Dragan";
				TargetAttributes = {
					05C077911924EC12005AB425 = {
						DevelopmentTeam = 9XRAC7H4AK;
					};
					05C077B81924EC12005AB425 = {
						TestTargetID = 05C077911924EC12005AB425;
					};
				};
			};
			buildConfigurationList = 05C0778D1924EC12005AB425 /* Build configuration list for PBXProject "watchr" */;
			compatibilityVersion = "Xcode 3.2";
			developmentRegion = English;
			hasScannedForEncodings = 0;
			knownRegions = (
				en,
				Base,
			);
			mainGroup = 05C077891924EC12005AB425;
			productRefGroup = 05C077931924EC12005AB425 /* Products */;
			projectDirPath = "";
			projectRoot = "";
			targets = (
				05C077911924EC12005AB425 /* watchr */,
				05C077B81924EC12005AB425 /* watchrTests */,
			);
		};
/* End PBXProject section */

/* Begin PBXResourcesBuildPhase section */
		05C077901924EC12005AB425 /* Resources */ = {
			isa = PBXResourcesBuildPhase;
			buildActionMask = 2147483647;
			files = (
				058117641925FCC700B79087 /* bg-yellow.png in Resources */,
				05C077AC1924EC12005AB425 /* Main_iPad.storyboard in Resources */,
				058117661925FD6F00B79087 /* bg-red.jpg in Resources */,
				05C077B41924EC12005AB425 /* Images.xcassets in Resources */,
				058117621925FC6E00B79087 /* blurred-violet.jpg in Resources */,
				05C077A91924EC12005AB425 /* Main_iPhone.storyboard in Resources */,
				05C0783E19253C6E005AB425 /* back-chevron@2x.png in Resources */,
				05C077A01924EC12005AB425 /* InfoPlist.strings in Resources */,
				05C0783F19253C6E005AB425 /* login-background@2x.png in Resources */,
				05C0783D19253C6E005AB425 /* back-chevron.png in Resources */,
				05C0784019253C6E005AB425 /* login-button-clear.png in Resources */,
				05C0782F1924FCE5005AB425 /* blurred-background.png in Resources */,
				05C077D51924EE2B005AB425 /* IntroStoryboard_iPhone.storyboard in Resources */,
				05C0784119253C6E005AB425 /* login-button-clear@2x.png in Resources */,
			);
			runOnlyForDeploymentPostprocessing = 0;
		};
		05C077B71924EC12005AB425 /* Resources */ = {
			isa = PBXResourcesBuildPhase;
			buildActionMask = 2147483647;
			files = (
				05C077C51924EC12005AB425 /* InfoPlist.strings in Resources */,
			);
			runOnlyForDeploymentPostprocessing = 0;
		};
/* End PBXResourcesBuildPhase section */

/* Begin PBXSourcesBuildPhase section */
		05C0778E1924EC12005AB425 /* Sources */ = {
			isa = PBXSourcesBuildPhase;
			buildActionMask = 2147483647;
			files = (
				0578F9831928BDCA00F8F7B3 /* ECSlidingInteractiveTransition.m in Sources */,
				05409D7F192557CE00E8544C /* FBShimmeringLayer.m in Sources */,
				05C40A51192A4D8E002F1F1A /* MEFoldAnimationController.m in Sources */,
				05C0782B1924F192005AB425 /* TDCoreTabBarController.m in Sources */,
				05C077A61924EC12005AB425 /* TDAppDelegate.m in Sources */,
				05C40A53192A4D8E002F1F1A /* MEDynamicTransition.m in Sources */,
				05C40A52192A4D8E002F1F1A /* MEZoomAnimationController.m in Sources */,
				0578F9811928BDCA00F8F7B3 /* ECPercentDrivenInteractiveTransition.m in Sources */,
				05409D80192557CE00E8544C /* FBShimmeringView.m in Sources */,
				05C0783719253B73005AB425 /* TDRegisterViewController.m in Sources */,
				05C40A57192A4E30002F1F1A /* METransitions.m in Sources */,
				05C0783419253B63005AB425 /* TDLoginViewController.m in Sources */,
				0578F9821928BDCA00F8F7B3 /* ECSlidingAnimationController.m in Sources */,
				05C077A21924EC12005AB425 /* main.m in Sources */,
				0578F9841928BDCA00F8F7B3 /* ECSlidingSegue.m in Sources */,
				0578F9851928BDCA00F8F7B3 /* ECSlidingViewController.m in Sources */,
				05C077DA1924EF03005AB425 /* TDWelcomeScreenViewController.m in Sources */,
				05C077B21924EC12005AB425 /* TDSecondViewController.m in Sources */,
				0578F9861928BDCA00F8F7B3 /* UIViewController+ECSlidingViewController.m in Sources */,
				05C077AF1924EC12005AB425 /* TDFirstViewController.m in Sources */,
			);
			runOnlyForDeploymentPostprocessing = 0;
		};
		05C077B51924EC12005AB425 /* Sources */ = {
			isa = PBXSourcesBuildPhase;
			buildActionMask = 2147483647;
			files = (
				05C077C71924EC12005AB425 /* watchrTests.m in Sources */,
			);
			runOnlyForDeploymentPostprocessing = 0;
		};
/* End PBXSourcesBuildPhase section */

/* Begin PBXTargetDependency section */
		05C077BF1924EC12005AB425 /* PBXTargetDependency */ = {
			isa = PBXTargetDependency;
			target = 05C077911924EC12005AB425 /* watchr */;
			targetProxy = 05C077BE1924EC12005AB425 /* PBXContainerItemProxy */;
		};
/* End PBXTargetDependency section */

/* Begin PBXVariantGroup section */
		05C0779E1924EC12005AB425 /* InfoPlist.strings */ = {
			isa = PBXVariantGroup;
			children = (
				05C0779F1924EC12005AB425 /* en */,
			);
			name = InfoPlist.strings;
			sourceTree = "<group>";
		};
		05C077A71924EC12005AB425 /* Main_iPhone.storyboard */ = {
			isa = PBXVariantGroup;
			children = (
				05C077A81924EC12005AB425 /* Base */,
			);
			name = Main_iPhone.storyboard;
			sourceTree = "<group>";
		};
		05C077AA1924EC12005AB425 /* Main_iPad.storyboard */ = {
			isa = PBXVariantGroup;
			children = (
				05C077AB1924EC12005AB425 /* Base */,
			);
			name = Main_iPad.storyboard;
			sourceTree = "<group>";
		};
		05C077C31924EC12005AB425 /* InfoPlist.strings */ = {
			isa = PBXVariantGroup;
			children = (
				05C077C41924EC12005AB425 /* en */,
			);
			name = InfoPlist.strings;
			sourceTree = "<group>";
		};
/* End PBXVariantGroup section */

/* Begin XCBuildConfiguration section */
		05C077C81924EC12005AB425 /* Debug */ = {
			isa = XCBuildConfiguration;
			buildSettings = {
				ALWAYS_SEARCH_USER_PATHS = NO;
				CLANG_CXX_LANGUAGE_STANDARD = "gnu++0x";
				CLANG_CXX_LIBRARY = "libc++";
				CLANG_ENABLE_MODULES = YES;
				CLANG_ENABLE_OBJC_ARC = YES;
				CLANG_WARN_BOOL_CONVERSION = YES;
				CLANG_WARN_CONSTANT_CONVERSION = YES;
				CLANG_WARN_DIRECT_OBJC_ISA_USAGE = YES_ERROR;
				CLANG_WARN_EMPTY_BODY = YES;
				CLANG_WARN_ENUM_CONVERSION = YES;
				CLANG_WARN_INT_CONVERSION = YES;
				CLANG_WARN_OBJC_ROOT_CLASS = YES_ERROR;
				CLANG_WARN__DUPLICATE_METHOD_MATCH = YES;
				"CODE_SIGN_IDENTITY[sdk=iphoneos*]" = "iPhone Developer";
				COPY_PHASE_STRIP = NO;
				GCC_C_LANGUAGE_STANDARD = gnu99;
				GCC_DYNAMIC_NO_PIC = NO;
				GCC_OPTIMIZATION_LEVEL = 0;
				GCC_PREPROCESSOR_DEFINITIONS = (
					"DEBUG=1",
					"$(inherited)",
				);
				GCC_SYMBOLS_PRIVATE_EXTERN = NO;
				GCC_WARN_64_TO_32_BIT_CONVERSION = YES;
				GCC_WARN_ABOUT_RETURN_TYPE = YES_ERROR;
				GCC_WARN_UNDECLARED_SELECTOR = YES;
				GCC_WARN_UNINITIALIZED_AUTOS = YES_AGGRESSIVE;
				GCC_WARN_UNUSED_FUNCTION = YES;
				GCC_WARN_UNUSED_VARIABLE = YES;
				IPHONEOS_DEPLOYMENT_TARGET = 7.1;
				ONLY_ACTIVE_ARCH = YES;
				SDKROOT = iphoneos;
				TARGETED_DEVICE_FAMILY = "1,2";
			};
			name = Debug;
		};
		05C077C91924EC12005AB425 /* Release */ = {
			isa = XCBuildConfiguration;
			buildSettings = {
				ALWAYS_SEARCH_USER_PATHS = NO;
				CLANG_CXX_LANGUAGE_STANDARD = "gnu++0x";
				CLANG_CXX_LIBRARY = "libc++";
				CLANG_ENABLE_MODULES = YES;
				CLANG_ENABLE_OBJC_ARC = YES;
				CLANG_WARN_BOOL_CONVERSION = YES;
				CLANG_WARN_CONSTANT_CONVERSION = YES;
				CLANG_WARN_DIRECT_OBJC_ISA_USAGE = YES_ERROR;
				CLANG_WARN_EMPTY_BODY = YES;
				CLANG_WARN_ENUM_CONVERSION = YES;
				CLANG_WARN_INT_CONVERSION = YES;
				CLANG_WARN_OBJC_ROOT_CLASS = YES_ERROR;
				CLANG_WARN__DUPLICATE_METHOD_MATCH = YES;
				"CODE_SIGN_IDENTITY[sdk=iphoneos*]" = "iPhone Developer";
				COPY_PHASE_STRIP = YES;
				ENABLE_NS_ASSERTIONS = NO;
				GCC_C_LANGUAGE_STANDARD = gnu99;
				GCC_WARN_64_TO_32_BIT_CONVERSION = YES;
				GCC_WARN_ABOUT_RETURN_TYPE = YES_ERROR;
				GCC_WARN_UNDECLARED_SELECTOR = YES;
				GCC_WARN_UNINITIALIZED_AUTOS = YES_AGGRESSIVE;
				GCC_WARN_UNUSED_FUNCTION = YES;
				GCC_WARN_UNUSED_VARIABLE = YES;
				IPHONEOS_DEPLOYMENT_TARGET = 7.1;
				SDKROOT = iphoneos;
				TARGETED_DEVICE_FAMILY = "1,2";
				VALIDATE_PRODUCT = YES;
			};
			name = Release;
		};
		05C077CB1924EC12005AB425 /* Debug */ = {
			isa = XCBuildConfiguration;
			buildSettings = {
				ASSETCATALOG_COMPILER_APPICON_NAME = AppIcon;
				ASSETCATALOG_COMPILER_LAUNCHIMAGE_NAME = LaunchImage;
				CODE_SIGN_IDENTITY = "iPhone Developer";
				GCC_PRECOMPILE_PREFIX_HEADER = YES;
				GCC_PREFIX_HEADER = "watchr/watchr-Prefix.pch";
				INFOPLIST_FILE = "watchr/watchr-Info.plist";
				IPHONEOS_DEPLOYMENT_TARGET = 7.0;
				LIBRARY_SEARCH_PATHS = (
					"$(inherited)",
					"$(PROJECT_DIR)",
				);
				PRODUCT_NAME = "$(TARGET_NAME)";
				WRAPPER_EXTENSION = app;
			};
			name = Debug;
		};
		05C077CC1924EC12005AB425 /* Release */ = {
			isa = XCBuildConfiguration;
			buildSettings = {
				ASSETCATALOG_COMPILER_APPICON_NAME = AppIcon;
				ASSETCATALOG_COMPILER_LAUNCHIMAGE_NAME = LaunchImage;
				CODE_SIGN_IDENTITY = "iPhone Developer";
				GCC_PRECOMPILE_PREFIX_HEADER = YES;
				GCC_PREFIX_HEADER = "watchr/watchr-Prefix.pch";
				INFOPLIST_FILE = "watchr/watchr-Info.plist";
				IPHONEOS_DEPLOYMENT_TARGET = 7.0;
				LIBRARY_SEARCH_PATHS = (
					"$(inherited)",
					"$(PROJECT_DIR)",
				);
				PRODUCT_NAME = "$(TARGET_NAME)";
				WRAPPER_EXTENSION = app;
			};
			name = Release;
		};
		05C077CE1924EC12005AB425 /* Debug */ = {
			isa = XCBuildConfiguration;
			buildSettings = {
				BUNDLE_LOADER = "$(BUILT_PRODUCTS_DIR)/watchr.app/watchr";
				FRAMEWORK_SEARCH_PATHS = (
					"$(SDKROOT)/Developer/Library/Frameworks",
					"$(inherited)",
					"$(DEVELOPER_FRAMEWORKS_DIR)",
				);
				GCC_PRECOMPILE_PREFIX_HEADER = YES;
				GCC_PREFIX_HEADER = "watchr/watchr-Prefix.pch";
				GCC_PREPROCESSOR_DEFINITIONS = (
					"DEBUG=1",
					"$(inherited)",
				);
				INFOPLIST_FILE = "watchrTests/watchrTests-Info.plist";
				PRODUCT_NAME = "$(TARGET_NAME)";
				TEST_HOST = "$(BUNDLE_LOADER)";
				WRAPPER_EXTENSION = xctest;
			};
			name = Debug;
		};
		05C077CF1924EC12005AB425 /* Release */ = {
			isa = XCBuildConfiguration;
			buildSettings = {
				BUNDLE_LOADER = "$(BUILT_PRODUCTS_DIR)/watchr.app/watchr";
				FRAMEWORK_SEARCH_PATHS = (
					"$(SDKROOT)/Developer/Library/Frameworks",
					"$(inherited)",
					"$(DEVELOPER_FRAMEWORKS_DIR)",
				);
				GCC_PRECOMPILE_PREFIX_HEADER = YES;
				GCC_PREFIX_HEADER = "watchr/watchr-Prefix.pch";
				INFOPLIST_FILE = "watchrTests/watchrTests-Info.plist";
				PRODUCT_NAME = "$(TARGET_NAME)";
				TEST_HOST = "$(BUNDLE_LOADER)";
				WRAPPER_EXTENSION = xctest;
			};
			name = Release;
		};
/* End XCBuildConfiguration section */

/* Begin XCConfigurationList section */
		05C0778D1924EC12005AB425 /* Build configuration list for PBXProject "watchr" */ = {
			isa = XCConfigurationList;
			buildConfigurations = (
				05C077C81924EC12005AB425 /* Debug */,
				05C077C91924EC12005AB425 /* Release */,
			);
			defaultConfigurationIsVisible = 0;
			defaultConfigurationName = Release;
		};
		05C077CA1924EC12005AB425 /* Build configuration list for PBXNativeTarget "watchr" */ = {
			isa = XCConfigurationList;
			buildConfigurations = (
				05C077CB1924EC12005AB425 /* Debug */,
				05C077CC1924EC12005AB425 /* Release */,
			);
			defaultConfigurationIsVisible = 0;
			defaultConfigurationName = Release;
		};
		05C077CD1924EC12005AB425 /* Build configuration list for PBXNativeTarget "watchrTests" */ = {
			isa = XCConfigurationList;
			buildConfigurations = (
				05C077CE1924EC12005AB425 /* Debug */,
				05C077CF1924EC12005AB425 /* Release */,
			);
			defaultConfigurationIsVisible = 0;
			defaultConfigurationName = Release;
		};
/* End XCConfigurationList section */
	};
	rootObject = 05C0778A1924EC12005AB425 /* Project object */;
}
