// !$*UTF8*$!
{
	archiveVersion = 1;
	classes = {
	};
	objectVersion = 46;
	objects = {

/* Begin PBXBuildFile section */
		05228129192B86A6000E8868 /* UIView+Origami.m in Sources */ = {isa = PBXBuildFile; fileRef = 05228128192B86A6000E8868 /* UIView+Origami.m */; };
		0522812C192BAD82000E8868 /* TDDashboardEventTableViewCell.m in Sources */ = {isa = PBXBuildFile; fileRef = 0522812B192BAD82000E8868 /* TDDashboardEventTableViewCell.m */; };
		05228132192BB0B6000E8868 /* importance-icon.png in Resources */ = {isa = PBXBuildFile; fileRef = 0522812E192BB0B6000E8868 /* importance-icon.png */; };
		05228133192BB0B6000E8868 /* importance-icon@2x.png in Resources */ = {isa = PBXBuildFile; fileRef = 0522812F192BB0B6000E8868 /* importance-icon@2x.png */; };
		05228134192BB0B6000E8868 /* pin-small-icon.png in Resources */ = {isa = PBXBuildFile; fileRef = 05228130192BB0B6000E8868 /* pin-small-icon.png */; };
		05228135192BB0B6000E8868 /* pin-small-icon@2x.png in Resources */ = {isa = PBXBuildFile; fileRef = 05228131192BB0B6000E8868 /* pin-small-icon@2x.png */; };
		0522813D192BC3F5000E8868 /* sort-small-icon.png in Resources */ = {isa = PBXBuildFile; fileRef = 05228137192BC3F5000E8868 /* sort-small-icon.png */; };
		0522813E192BC3F5000E8868 /* sort-small-icon@2x.png in Resources */ = {isa = PBXBuildFile; fileRef = 05228138192BC3F5000E8868 /* sort-small-icon@2x.png */; };
		0522813F192BC3F5000E8868 /* tags-small-icon.png in Resources */ = {isa = PBXBuildFile; fileRef = 05228139192BC3F5000E8868 /* tags-small-icon.png */; };
		05228140192BC3F5000E8868 /* tags-small-icon@2x.png in Resources */ = {isa = PBXBuildFile; fileRef = 0522813A192BC3F5000E8868 /* tags-small-icon@2x.png */; };
		05228141192BC3F5000E8868 /* user-location-small-icon.png in Resources */ = {isa = PBXBuildFile; fileRef = 0522813B192BC3F5000E8868 /* user-location-small-icon.png */; };
		05228142192BC3F5000E8868 /* user-location-small-icon@2x.png in Resources */ = {isa = PBXBuildFile; fileRef = 0522813C192BC3F5000E8868 /* user-location-small-icon@2x.png */; };
		05228145192BD501000E8868 /* TDDashboardFilterButton.m in Sources */ = {isa = PBXBuildFile; fileRef = 05228144192BD501000E8868 /* TDDashboardFilterButton.m */; };
		05409D7F192557CE00E8544C /* FBShimmeringLayer.m in Sources */ = {isa = PBXBuildFile; fileRef = 05409D7C192557CE00E8544C /* FBShimmeringLayer.m */; };
		05409D80192557CE00E8544C /* FBShimmeringView.m in Sources */ = {isa = PBXBuildFile; fileRef = 05409D7E192557CE00E8544C /* FBShimmeringView.m */; };
		054F405A192E1ACA00960ABE /* EventStoryboard_iPhone.storyboard in Resources */ = {isa = PBXBuildFile; fileRef = 054F4059192E1ACA00960ABE /* EventStoryboard_iPhone.storyboard */; };
		054F405E192E210C00960ABE /* TDCarouselView.m in Sources */ = {isa = PBXBuildFile; fileRef = 054F405D192E210C00960ABE /* TDCarouselView.m */; };
		054F4062192E21D500960ABE /* UIScrollView+APParallaxHeader.m in Sources */ = {isa = PBXBuildFile; fileRef = 054F4061192E21D500960ABE /* UIScrollView+APParallaxHeader.m */; };
		054F406C192E294600960ABE /* TDEventDetailsViewController.m in Sources */ = {isa = PBXBuildFile; fileRef = 054F406B192E294600960ABE /* TDEventDetailsViewController.m */; };
		054F408D192E2CA600960ABE /* MKAnnotationView+WebCache.m in Sources */ = {isa = PBXBuildFile; fileRef = 054F406F192E2CA600960ABE /* MKAnnotationView+WebCache.m */; };
		054F408E192E2CA600960ABE /* NSData+ImageContentType.m in Sources */ = {isa = PBXBuildFile; fileRef = 054F4071192E2CA600960ABE /* NSData+ImageContentType.m */; };
		054F408F192E2CA600960ABE /* SDImageCache.m in Sources */ = {isa = PBXBuildFile; fileRef = 054F4073192E2CA600960ABE /* SDImageCache.m */; };
		054F4090192E2CA600960ABE /* SDWebImageCompat.m in Sources */ = {isa = PBXBuildFile; fileRef = 054F4075192E2CA600960ABE /* SDWebImageCompat.m */; };
		054F4091192E2CA600960ABE /* SDWebImageDecoder.m in Sources */ = {isa = PBXBuildFile; fileRef = 054F4077192E2CA600960ABE /* SDWebImageDecoder.m */; };
		054F4092192E2CA600960ABE /* SDWebImageDownloader.m in Sources */ = {isa = PBXBuildFile; fileRef = 054F4079192E2CA600960ABE /* SDWebImageDownloader.m */; };
		054F4093192E2CA600960ABE /* SDWebImageDownloaderOperation.m in Sources */ = {isa = PBXBuildFile; fileRef = 054F407B192E2CA600960ABE /* SDWebImageDownloaderOperation.m */; };
		054F4094192E2CA600960ABE /* SDWebImageManager.m in Sources */ = {isa = PBXBuildFile; fileRef = 054F407D192E2CA600960ABE /* SDWebImageManager.m */; };
		054F4095192E2CA600960ABE /* SDWebImagePrefetcher.m in Sources */ = {isa = PBXBuildFile; fileRef = 054F4080192E2CA600960ABE /* SDWebImagePrefetcher.m */; };
		054F4096192E2CA600960ABE /* UIButton+WebCache.m in Sources */ = {isa = PBXBuildFile; fileRef = 054F4082192E2CA600960ABE /* UIButton+WebCache.m */; };
		054F4097192E2CA600960ABE /* UIImage+GIF.m in Sources */ = {isa = PBXBuildFile; fileRef = 054F4084192E2CA600960ABE /* UIImage+GIF.m */; };
		054F4098192E2CA600960ABE /* UIImage+MultiFormat.m in Sources */ = {isa = PBXBuildFile; fileRef = 054F4086192E2CA600960ABE /* UIImage+MultiFormat.m */; };
		054F4099192E2CA600960ABE /* UIImage+WebP.m in Sources */ = {isa = PBXBuildFile; fileRef = 054F4088192E2CA600960ABE /* UIImage+WebP.m */; };
		054F409A192E2CA600960ABE /* UIImageView+HighlightedWebCache.m in Sources */ = {isa = PBXBuildFile; fileRef = 054F408A192E2CA600960ABE /* UIImageView+HighlightedWebCache.m */; };
		054F409B192E2CA600960ABE /* UIImageView+WebCache.m in Sources */ = {isa = PBXBuildFile; fileRef = 054F408C192E2CA600960ABE /* UIImageView+WebCache.m */; };
		054F40A2192E39C400960ABE /* UILabel+dynamicSizeMe.m in Sources */ = {isa = PBXBuildFile; fileRef = 054F40A1192E39C400960ABE /* UILabel+dynamicSizeMe.m */; };
		054F40A7192E46E500960ABE /* HeaderInsetTableView.m in Sources */ = {isa = PBXBuildFile; fileRef = 054F40A6192E46E500960ABE /* HeaderInsetTableView.m */; };
		0578F9811928BDCA00F8F7B3 /* ECPercentDrivenInteractiveTransition.m in Sources */ = {isa = PBXBuildFile; fileRef = 0578F9751928BDCA00F8F7B3 /* ECPercentDrivenInteractiveTransition.m */; };
		0578F9821928BDCA00F8F7B3 /* ECSlidingAnimationController.m in Sources */ = {isa = PBXBuildFile; fileRef = 0578F9771928BDCA00F8F7B3 /* ECSlidingAnimationController.m */; };
		0578F9831928BDCA00F8F7B3 /* ECSlidingInteractiveTransition.m in Sources */ = {isa = PBXBuildFile; fileRef = 0578F97A1928BDCA00F8F7B3 /* ECSlidingInteractiveTransition.m */; };
		0578F9841928BDCA00F8F7B3 /* ECSlidingSegue.m in Sources */ = {isa = PBXBuildFile; fileRef = 0578F97C1928BDCA00F8F7B3 /* ECSlidingSegue.m */; };
		0578F9851928BDCA00F8F7B3 /* ECSlidingViewController.m in Sources */ = {isa = PBXBuildFile; fileRef = 0578F97E1928BDCA00F8F7B3 /* ECSlidingViewController.m */; };
		0578F9861928BDCA00F8F7B3 /* UIViewController+ECSlidingViewController.m in Sources */ = {isa = PBXBuildFile; fileRef = 0578F9801928BDCA00F8F7B3 /* UIViewController+ECSlidingViewController.m */; };
		058117621925FC6E00B79087 /* blurred-violet.jpg in Resources */ = {isa = PBXBuildFile; fileRef = 058117611925FC6E00B79087 /* blurred-violet.jpg */; };
		058117641925FCC700B79087 /* bg-yellow.png in Resources */ = {isa = PBXBuildFile; fileRef = 058117631925FCC700B79087 /* bg-yellow.png */; };
		058117661925FD6F00B79087 /* bg-red.jpg in Resources */ = {isa = PBXBuildFile; fileRef = 058117651925FD6F00B79087 /* bg-red.jpg */; };
		05BB5EF8192F56BF00D9BE6A /* TDEventDescriptionView.xib in Resources */ = {isa = PBXBuildFile; fileRef = 05BB5EF7192F56BF00D9BE6A /* TDEventDescriptionView.xib */; };
		05BB5EFB192F572700D9BE6A /* TDEventDescriptionView.m in Sources */ = {isa = PBXBuildFile; fileRef = 05BB5EFA192F572700D9BE6A /* TDEventDescriptionView.m */; };
		05BB5EFF192F594F00D9BE6A /* FXBlurView.m in Sources */ = {isa = PBXBuildFile; fileRef = 05BB5EFE192F594F00D9BE6A /* FXBlurView.m */; };
		05BB5F02192F59C100D9BE6A /* ILTranslucentView.m in Sources */ = {isa = PBXBuildFile; fileRef = 05BB5F01192F59C100D9BE6A /* ILTranslucentView.m */; };
		05BB5F11192F7C1800D9BE6A /* menu-feed-icon-off@2x.png in Resources */ = {isa = PBXBuildFile; fileRef = 05BB5F05192F7C1800D9BE6A /* menu-feed-icon-off@2x.png */; };
		05BB5F12192F7C1800D9BE6A /* menu-feed-icon-on@2x.png in Resources */ = {isa = PBXBuildFile; fileRef = 05BB5F06192F7C1800D9BE6A /* menu-feed-icon-on@2x.png */; };
		05BB5F13192F7C1800D9BE6A /* menu-friends-icon-off@2x.png in Resources */ = {isa = PBXBuildFile; fileRef = 05BB5F07192F7C1800D9BE6A /* menu-friends-icon-off@2x.png */; };
		05BB5F14192F7C1800D9BE6A /* menu-friends-icon-on@2x.png in Resources */ = {isa = PBXBuildFile; fileRef = 05BB5F08192F7C1800D9BE6A /* menu-friends-icon-on@2x.png */; };
		05BB5F15192F7C1800D9BE6A /* menu-notification-button-off@2x.png in Resources */ = {isa = PBXBuildFile; fileRef = 05BB5F09192F7C1800D9BE6A /* menu-notification-button-off@2x.png */; };
		05BB5F16192F7C1800D9BE6A /* menu-notification-button-on@2x.png in Resources */ = {isa = PBXBuildFile; fileRef = 05BB5F0A192F7C1800D9BE6A /* menu-notification-button-on@2x.png */; };
		05BB5F17192F7C1800D9BE6A /* menu-request-button-off@2x.png in Resources */ = {isa = PBXBuildFile; fileRef = 05BB5F0B192F7C1800D9BE6A /* menu-request-button-off@2x.png */; };
		05BB5F18192F7C1800D9BE6A /* menu-request-button-on@2x.png in Resources */ = {isa = PBXBuildFile; fileRef = 05BB5F0C192F7C1800D9BE6A /* menu-request-button-on@2x.png */; };
		05BB5F19192F7C1800D9BE6A /* menu-settings-icon-on@2x.png in Resources */ = {isa = PBXBuildFile; fileRef = 05BB5F0D192F7C1800D9BE6A /* menu-settings-icon-on@2x.png */; };
		05BB5F1A192F7C1800D9BE6A /* menu-spots-icon-off@2x.png in Resources */ = {isa = PBXBuildFile; fileRef = 05BB5F0E192F7C1800D9BE6A /* menu-spots-icon-off@2x.png */; };
		05BB5F1B192F7C1800D9BE6A /* menu-spots-icon-on@2x.png in Resources */ = {isa = PBXBuildFile; fileRef = 05BB5F0F192F7C1800D9BE6A /* menu-spots-icon-on@2x.png */; };
		05BB5F1C192F7C1800D9BE6A /* watchr-menu-button@2x.png in Resources */ = {isa = PBXBuildFile; fileRef = 05BB5F10192F7C1800D9BE6A /* watchr-menu-button@2x.png */; };
		05BB5F20192F7DBB00D9BE6A /* TDSideMenuViewController.m in Sources */ = {isa = PBXBuildFile; fileRef = 05BB5F1F192F7DBB00D9BE6A /* TDSideMenuViewController.m */; };
		05C077961924EC12005AB425 /* Foundation.framework in Frameworks */ = {isa = PBXBuildFile; fileRef = 05C077951924EC12005AB425 /* Foundation.framework */; };
		05C077981924EC12005AB425 /* CoreGraphics.framework in Frameworks */ = {isa = PBXBuildFile; fileRef = 05C077971924EC12005AB425 /* CoreGraphics.framework */; };
		05C0779A1924EC12005AB425 /* UIKit.framework in Frameworks */ = {isa = PBXBuildFile; fileRef = 05C077991924EC12005AB425 /* UIKit.framework */; };
		05C077A01924EC12005AB425 /* InfoPlist.strings in Resources */ = {isa = PBXBuildFile; fileRef = 05C0779E1924EC12005AB425 /* InfoPlist.strings */; };
		05C077A21924EC12005AB425 /* main.m in Sources */ = {isa = PBXBuildFile; fileRef = 05C077A11924EC12005AB425 /* main.m */; };
		05C077A61924EC12005AB425 /* TDAppDelegate.m in Sources */ = {isa = PBXBuildFile; fileRef = 05C077A51924EC12005AB425 /* TDAppDelegate.m */; };
		05C077A91924EC12005AB425 /* Main_iPhone.storyboard in Resources */ = {isa = PBXBuildFile; fileRef = 05C077A71924EC12005AB425 /* Main_iPhone.storyboard */; };
		05C077AC1924EC12005AB425 /* Main_iPad.storyboard in Resources */ = {isa = PBXBuildFile; fileRef = 05C077AA1924EC12005AB425 /* Main_iPad.storyboard */; };
		05C077B41924EC12005AB425 /* Images.xcassets in Resources */ = {isa = PBXBuildFile; fileRef = 05C077B31924EC12005AB425 /* Images.xcassets */; };
		05C077BB1924EC12005AB425 /* XCTest.framework in Frameworks */ = {isa = PBXBuildFile; fileRef = 05C077BA1924EC12005AB425 /* XCTest.framework */; };
		05C077BC1924EC12005AB425 /* Foundation.framework in Frameworks */ = {isa = PBXBuildFile; fileRef = 05C077951924EC12005AB425 /* Foundation.framework */; };
		05C077BD1924EC12005AB425 /* UIKit.framework in Frameworks */ = {isa = PBXBuildFile; fileRef = 05C077991924EC12005AB425 /* UIKit.framework */; };
		05C077C51924EC12005AB425 /* InfoPlist.strings in Resources */ = {isa = PBXBuildFile; fileRef = 05C077C31924EC12005AB425 /* InfoPlist.strings */; };
		05C077C71924EC12005AB425 /* watchrTests.m in Sources */ = {isa = PBXBuildFile; fileRef = 05C077C61924EC12005AB425 /* watchrTests.m */; };
		05C077D51924EE2B005AB425 /* IntroStoryboard_iPhone.storyboard in Resources */ = {isa = PBXBuildFile; fileRef = 05C077D41924EE2B005AB425 /* IntroStoryboard_iPhone.storyboard */; };
		05C077DA1924EF03005AB425 /* TDWelcomeScreenViewController.m in Sources */ = {isa = PBXBuildFile; fileRef = 05C077D91924EF03005AB425 /* TDWelcomeScreenViewController.m */; };
		05C0782F1924FCE5005AB425 /* blurred-background.png in Resources */ = {isa = PBXBuildFile; fileRef = 05C0782E1924FCE5005AB425 /* blurred-background.png */; };
		05C0783419253B63005AB425 /* TDLoginViewController.m in Sources */ = {isa = PBXBuildFile; fileRef = 05C0783319253B63005AB425 /* TDLoginViewController.m */; };
		05C0783719253B73005AB425 /* TDRegisterViewController.m in Sources */ = {isa = PBXBuildFile; fileRef = 05C0783619253B73005AB425 /* TDRegisterViewController.m */; };
		05C0783D19253C6E005AB425 /* back-chevron.png in Resources */ = {isa = PBXBuildFile; fileRef = 05C0783819253C6E005AB425 /* back-chevron.png */; };
		05C0783E19253C6E005AB425 /* back-chevron@2x.png in Resources */ = {isa = PBXBuildFile; fileRef = 05C0783919253C6E005AB425 /* back-chevron@2x.png */; };
		05C0783F19253C6E005AB425 /* login-background@2x.png in Resources */ = {isa = PBXBuildFile; fileRef = 05C0783A19253C6E005AB425 /* login-background@2x.png */; };
		05C0784019253C6E005AB425 /* login-button-clear.png in Resources */ = {isa = PBXBuildFile; fileRef = 05C0783B19253C6E005AB425 /* login-button-clear.png */; };
		05C0784119253C6E005AB425 /* login-button-clear@2x.png in Resources */ = {isa = PBXBuildFile; fileRef = 05C0783C19253C6E005AB425 /* login-button-clear@2x.png */; };
		05C40A51192A4D8E002F1F1A /* MEFoldAnimationController.m in Sources */ = {isa = PBXBuildFile; fileRef = 05C40A4C192A4D8E002F1F1A /* MEFoldAnimationController.m */; };
		05C40A52192A4D8E002F1F1A /* MEZoomAnimationController.m in Sources */ = {isa = PBXBuildFile; fileRef = 05C40A4E192A4D8E002F1F1A /* MEZoomAnimationController.m */; };
		05C40A53192A4D8E002F1F1A /* MEDynamicTransition.m in Sources */ = {isa = PBXBuildFile; fileRef = 05C40A50192A4D8E002F1F1A /* MEDynamicTransition.m */; };
		05C40A57192A4E30002F1F1A /* METransitions.m in Sources */ = {isa = PBXBuildFile; fileRef = 05C40A56192A4E30002F1F1A /* METransitions.m */; };
		05C40A59192A54B6002F1F1A /* libPods-TransitionFun.a in Frameworks */ = {isa = PBXBuildFile; fileRef = 05C40A58192A54B6002F1F1A /* libPods-TransitionFun.a */; };
		05C40A5C192A60B9002F1F1A /* TDCoreNavigationController.m in Sources */ = {isa = PBXBuildFile; fileRef = 05C40A5B192A60B9002F1F1A /* TDCoreNavigationController.m */; };
		05C40A60192A676D002F1F1A /* TDDashboardViewController.m in Sources */ = {isa = PBXBuildFile; fileRef = 05C40A5F192A676D002F1F1A /* TDDashboardViewController.m */; };
		05C40A63192A7151002F1F1A /* DashboardStoryboard_iPhone.storyboard in Resources */ = {isa = PBXBuildFile; fileRef = 05C40A62192A7151002F1F1A /* DashboardStoryboard_iPhone.storyboard */; };
		05C40A65192A73CA002F1F1A /* MapKit.framework in Frameworks */ = {isa = PBXBuildFile; fileRef = 05C40A64192A73CA002F1F1A /* MapKit.framework */; };
		05C40A75192A8018002F1F1A /* FacingView.m in Sources */ = {isa = PBXBuildFile; fileRef = 05C40A67192A8018002F1F1A /* FacingView.m */; };
		05C40A76192A8018002F1F1A /* FoldView.m in Sources */ = {isa = PBXBuildFile; fileRef = 05C40A69192A8018002F1F1A /* FoldView.m */; };
		05C40A77192A8018002F1F1A /* MultiFoldView.m in Sources */ = {isa = PBXBuildFile; fileRef = 05C40A6B192A8018002F1F1A /* MultiFoldView.m */; };
		05C40A78192A8018002F1F1A /* PaperFoldView.m in Sources */ = {isa = PBXBuildFile; fileRef = 05C40A6D192A8018002F1F1A /* PaperFoldView.m */; };
		05C40A79192A8018002F1F1A /* ShadowView.m in Sources */ = {isa = PBXBuildFile; fileRef = 05C40A6F192A8018002F1F1A /* ShadowView.m */; };
		05C40A7A192A8018002F1F1A /* TouchThroughUIView.m in Sources */ = {isa = PBXBuildFile; fileRef = 05C40A71192A8018002F1F1A /* TouchThroughUIView.m */; };
		05C40A7B192A8018002F1F1A /* UIView+Screenshot.m in Sources */ = {isa = PBXBuildFile; fileRef = 05C40A73192A8018002F1F1A /* UIView+Screenshot.m */; };
/* End PBXBuildFile section */

/* Begin PBXContainerItemProxy section */
		05C077BE1924EC12005AB425 /* PBXContainerItemProxy */ = {
			isa = PBXContainerItemProxy;
			containerPortal = 05C0778A1924EC12005AB425 /* Project object */;
			proxyType = 1;
			remoteGlobalIDString = 05C077911924EC12005AB425;
			remoteInfo = watchr;
		};
/* End PBXContainerItemProxy section */

/* Begin PBXFileReference section */
		05228127192B86A6000E8868 /* UIView+Origami.h */ = {isa = PBXFileReference; fileEncoding = 4; lastKnownFileType = sourcecode.c.h; path = "UIView+Origami.h"; sourceTree = "<group>"; };
		05228128192B86A6000E8868 /* UIView+Origami.m */ = {isa = PBXFileReference; fileEncoding = 4; lastKnownFileType = sourcecode.c.objc; path = "UIView+Origami.m"; sourceTree = "<group>"; };
		0522812A192BAD82000E8868 /* TDDashboardEventTableViewCell.h */ = {isa = PBXFileReference; fileEncoding = 4; lastKnownFileType = sourcecode.c.h; name = TDDashboardEventTableViewCell.h; path = iPhone/TDDashboardEventTableViewCell.h; sourceTree = "<group>"; };
		0522812B192BAD82000E8868 /* TDDashboardEventTableViewCell.m */ = {isa = PBXFileReference; fileEncoding = 4; lastKnownFileType = sourcecode.c.objc; name = TDDashboardEventTableViewCell.m; path = iPhone/TDDashboardEventTableViewCell.m; sourceTree = "<group>"; };
		0522812E192BB0B6000E8868 /* importance-icon.png */ = {isa = PBXFileReference; lastKnownFileType = image.png; path = "importance-icon.png"; sourceTree = "<group>"; };
		0522812F192BB0B6000E8868 /* importance-icon@2x.png */ = {isa = PBXFileReference; lastKnownFileType = image.png; path = "importance-icon@2x.png"; sourceTree = "<group>"; };
		05228130192BB0B6000E8868 /* pin-small-icon.png */ = {isa = PBXFileReference; lastKnownFileType = image.png; path = "pin-small-icon.png"; sourceTree = "<group>"; };
		05228131192BB0B6000E8868 /* pin-small-icon@2x.png */ = {isa = PBXFileReference; lastKnownFileType = image.png; path = "pin-small-icon@2x.png"; sourceTree = "<group>"; };
		05228137192BC3F5000E8868 /* sort-small-icon.png */ = {isa = PBXFileReference; lastKnownFileType = image.png; path = "sort-small-icon.png"; sourceTree = "<group>"; };
		05228138192BC3F5000E8868 /* sort-small-icon@2x.png */ = {isa = PBXFileReference; lastKnownFileType = image.png; path = "sort-small-icon@2x.png"; sourceTree = "<group>"; };
		05228139192BC3F5000E8868 /* tags-small-icon.png */ = {isa = PBXFileReference; lastKnownFileType = image.png; path = "tags-small-icon.png"; sourceTree = "<group>"; };
		0522813A192BC3F5000E8868 /* tags-small-icon@2x.png */ = {isa = PBXFileReference; lastKnownFileType = image.png; path = "tags-small-icon@2x.png"; sourceTree = "<group>"; };
		0522813B192BC3F5000E8868 /* user-location-small-icon.png */ = {isa = PBXFileReference; lastKnownFileType = image.png; path = "user-location-small-icon.png"; sourceTree = "<group>"; };
		0522813C192BC3F5000E8868 /* user-location-small-icon@2x.png */ = {isa = PBXFileReference; lastKnownFileType = image.png; path = "user-location-small-icon@2x.png"; sourceTree = "<group>"; };
		05228143192BD501000E8868 /* TDDashboardFilterButton.h */ = {isa = PBXFileReference; fileEncoding = 4; lastKnownFileType = sourcecode.c.h; path = TDDashboardFilterButton.h; sourceTree = "<group>"; };
		05228144192BD501000E8868 /* TDDashboardFilterButton.m */ = {isa = PBXFileReference; fileEncoding = 4; lastKnownFileType = sourcecode.c.objc; path = TDDashboardFilterButton.m; sourceTree = "<group>"; };
		05409D79192557CE00E8544C /* FBShimmering-Prefix.pch */ = {isa = PBXFileReference; fileEncoding = 4; lastKnownFileType = sourcecode.c.h; path = "FBShimmering-Prefix.pch"; sourceTree = "<group>"; };
		05409D7A192557CE00E8544C /* FBShimmering.h */ = {isa = PBXFileReference; fileEncoding = 4; lastKnownFileType = sourcecode.c.h; path = FBShimmering.h; sourceTree = "<group>"; };
		05409D7B192557CE00E8544C /* FBShimmeringLayer.h */ = {isa = PBXFileReference; fileEncoding = 4; lastKnownFileType = sourcecode.c.h; path = FBShimmeringLayer.h; sourceTree = "<group>"; };
		05409D7C192557CE00E8544C /* FBShimmeringLayer.m */ = {isa = PBXFileReference; fileEncoding = 4; lastKnownFileType = sourcecode.c.objc; path = FBShimmeringLayer.m; sourceTree = "<group>"; };
		05409D7D192557CE00E8544C /* FBShimmeringView.h */ = {isa = PBXFileReference; fileEncoding = 4; lastKnownFileType = sourcecode.c.h; path = FBShimmeringView.h; sourceTree = "<group>"; };
		05409D7E192557CE00E8544C /* FBShimmeringView.m */ = {isa = PBXFileReference; fileEncoding = 4; lastKnownFileType = sourcecode.c.objc; path = FBShimmeringView.m; sourceTree = "<group>"; };
		054F4059192E1ACA00960ABE /* EventStoryboard_iPhone.storyboard */ = {isa = PBXFileReference; fileEncoding = 4; lastKnownFileType = file.storyboard; name = EventStoryboard_iPhone.storyboard; path = iPhone/EventStoryboard_iPhone.storyboard; sourceTree = "<group>"; };
		054F405C192E210C00960ABE /* TDCarouselView.h */ = {isa = PBXFileReference; fileEncoding = 4; lastKnownFileType = sourcecode.c.h; path = TDCarouselView.h; sourceTree = "<group>"; };
		054F405D192E210C00960ABE /* TDCarouselView.m */ = {isa = PBXFileReference; fileEncoding = 4; lastKnownFileType = sourcecode.c.objc; path = TDCarouselView.m; sourceTree = "<group>"; };
		054F4060192E21D500960ABE /* UIScrollView+APParallaxHeader.h */ = {isa = PBXFileReference; fileEncoding = 4; lastKnownFileType = sourcecode.c.h; path = "UIScrollView+APParallaxHeader.h"; sourceTree = "<group>"; };
		054F4061192E21D500960ABE /* UIScrollView+APParallaxHeader.m */ = {isa = PBXFileReference; fileEncoding = 4; lastKnownFileType = sourcecode.c.objc; path = "UIScrollView+APParallaxHeader.m"; sourceTree = "<group>"; };
		054F406A192E294600960ABE /* TDEventDetailsViewController.h */ = {isa = PBXFileReference; fileEncoding = 4; lastKnownFileType = sourcecode.c.h; name = TDEventDetailsViewController.h; path = iPhone/TDEventDetailsViewController.h; sourceTree = "<group>"; };
		054F406B192E294600960ABE /* TDEventDetailsViewController.m */ = {isa = PBXFileReference; fileEncoding = 4; lastKnownFileType = sourcecode.c.objc; name = TDEventDetailsViewController.m; path = iPhone/TDEventDetailsViewController.m; sourceTree = "<group>"; };
		054F406E192E2CA600960ABE /* MKAnnotationView+WebCache.h */ = {isa = PBXFileReference; fileEncoding = 4; lastKnownFileType = sourcecode.c.h; path = "MKAnnotationView+WebCache.h"; sourceTree = "<group>"; };
		054F406F192E2CA600960ABE /* MKAnnotationView+WebCache.m */ = {isa = PBXFileReference; fileEncoding = 4; lastKnownFileType = sourcecode.c.objc; path = "MKAnnotationView+WebCache.m"; sourceTree = "<group>"; };
		054F4070192E2CA600960ABE /* NSData+ImageContentType.h */ = {isa = PBXFileReference; fileEncoding = 4; lastKnownFileType = sourcecode.c.h; path = "NSData+ImageContentType.h"; sourceTree = "<group>"; };
		054F4071192E2CA600960ABE /* NSData+ImageContentType.m */ = {isa = PBXFileReference; fileEncoding = 4; lastKnownFileType = sourcecode.c.objc; path = "NSData+ImageContentType.m"; sourceTree = "<group>"; };
		054F4072192E2CA600960ABE /* SDImageCache.h */ = {isa = PBXFileReference; fileEncoding = 4; lastKnownFileType = sourcecode.c.h; path = SDImageCache.h; sourceTree = "<group>"; };
		054F4073192E2CA600960ABE /* SDImageCache.m */ = {isa = PBXFileReference; fileEncoding = 4; lastKnownFileType = sourcecode.c.objc; path = SDImageCache.m; sourceTree = "<group>"; };
		054F4074192E2CA600960ABE /* SDWebImageCompat.h */ = {isa = PBXFileReference; fileEncoding = 4; lastKnownFileType = sourcecode.c.h; path = SDWebImageCompat.h; sourceTree = "<group>"; };
		054F4075192E2CA600960ABE /* SDWebImageCompat.m */ = {isa = PBXFileReference; fileEncoding = 4; lastKnownFileType = sourcecode.c.objc; path = SDWebImageCompat.m; sourceTree = "<group>"; };
		054F4076192E2CA600960ABE /* SDWebImageDecoder.h */ = {isa = PBXFileReference; fileEncoding = 4; lastKnownFileType = sourcecode.c.h; path = SDWebImageDecoder.h; sourceTree = "<group>"; };
		054F4077192E2CA600960ABE /* SDWebImageDecoder.m */ = {isa = PBXFileReference; fileEncoding = 4; lastKnownFileType = sourcecode.c.objc; path = SDWebImageDecoder.m; sourceTree = "<group>"; };
		054F4078192E2CA600960ABE /* SDWebImageDownloader.h */ = {isa = PBXFileReference; fileEncoding = 4; lastKnownFileType = sourcecode.c.h; path = SDWebImageDownloader.h; sourceTree = "<group>"; };
		054F4079192E2CA600960ABE /* SDWebImageDownloader.m */ = {isa = PBXFileReference; fileEncoding = 4; lastKnownFileType = sourcecode.c.objc; path = SDWebImageDownloader.m; sourceTree = "<group>"; };
		054F407A192E2CA600960ABE /* SDWebImageDownloaderOperation.h */ = {isa = PBXFileReference; fileEncoding = 4; lastKnownFileType = sourcecode.c.h; path = SDWebImageDownloaderOperation.h; sourceTree = "<group>"; };
		054F407B192E2CA600960ABE /* SDWebImageDownloaderOperation.m */ = {isa = PBXFileReference; fileEncoding = 4; lastKnownFileType = sourcecode.c.objc; path = SDWebImageDownloaderOperation.m; sourceTree = "<group>"; };
		054F407C192E2CA600960ABE /* SDWebImageManager.h */ = {isa = PBXFileReference; fileEncoding = 4; lastKnownFileType = sourcecode.c.h; path = SDWebImageManager.h; sourceTree = "<group>"; };
		054F407D192E2CA600960ABE /* SDWebImageManager.m */ = {isa = PBXFileReference; fileEncoding = 4; lastKnownFileType = sourcecode.c.objc; path = SDWebImageManager.m; sourceTree = "<group>"; };
		054F407E192E2CA600960ABE /* SDWebImageOperation.h */ = {isa = PBXFileReference; fileEncoding = 4; lastKnownFileType = sourcecode.c.h; path = SDWebImageOperation.h; sourceTree = "<group>"; };
		054F407F192E2CA600960ABE /* SDWebImagePrefetcher.h */ = {isa = PBXFileReference; fileEncoding = 4; lastKnownFileType = sourcecode.c.h; path = SDWebImagePrefetcher.h; sourceTree = "<group>"; };
		054F4080192E2CA600960ABE /* SDWebImagePrefetcher.m */ = {isa = PBXFileReference; fileEncoding = 4; lastKnownFileType = sourcecode.c.objc; path = SDWebImagePrefetcher.m; sourceTree = "<group>"; };
		054F4081192E2CA600960ABE /* UIButton+WebCache.h */ = {isa = PBXFileReference; fileEncoding = 4; lastKnownFileType = sourcecode.c.h; path = "UIButton+WebCache.h"; sourceTree = "<group>"; };
		054F4082192E2CA600960ABE /* UIButton+WebCache.m */ = {isa = PBXFileReference; fileEncoding = 4; lastKnownFileType = sourcecode.c.objc; path = "UIButton+WebCache.m"; sourceTree = "<group>"; };
		054F4083192E2CA600960ABE /* UIImage+GIF.h */ = {isa = PBXFileReference; fileEncoding = 4; lastKnownFileType = sourcecode.c.h; path = "UIImage+GIF.h"; sourceTree = "<group>"; };
		054F4084192E2CA600960ABE /* UIImage+GIF.m */ = {isa = PBXFileReference; fileEncoding = 4; lastKnownFileType = sourcecode.c.objc; path = "UIImage+GIF.m"; sourceTree = "<group>"; };
		054F4085192E2CA600960ABE /* UIImage+MultiFormat.h */ = {isa = PBXFileReference; fileEncoding = 4; lastKnownFileType = sourcecode.c.h; path = "UIImage+MultiFormat.h"; sourceTree = "<group>"; };
		054F4086192E2CA600960ABE /* UIImage+MultiFormat.m */ = {isa = PBXFileReference; fileEncoding = 4; lastKnownFileType = sourcecode.c.objc; path = "UIImage+MultiFormat.m"; sourceTree = "<group>"; };
		054F4087192E2CA600960ABE /* UIImage+WebP.h */ = {isa = PBXFileReference; fileEncoding = 4; lastKnownFileType = sourcecode.c.h; path = "UIImage+WebP.h"; sourceTree = "<group>"; };
		054F4088192E2CA600960ABE /* UIImage+WebP.m */ = {isa = PBXFileReference; fileEncoding = 4; lastKnownFileType = sourcecode.c.objc; path = "UIImage+WebP.m"; sourceTree = "<group>"; };
		054F4089192E2CA600960ABE /* UIImageView+HighlightedWebCache.h */ = {isa = PBXFileReference; fileEncoding = 4; lastKnownFileType = sourcecode.c.h; path = "UIImageView+HighlightedWebCache.h"; sourceTree = "<group>"; };
		054F408A192E2CA600960ABE /* UIImageView+HighlightedWebCache.m */ = {isa = PBXFileReference; fileEncoding = 4; lastKnownFileType = sourcecode.c.objc; path = "UIImageView+HighlightedWebCache.m"; sourceTree = "<group>"; };
		054F408B192E2CA600960ABE /* UIImageView+WebCache.h */ = {isa = PBXFileReference; fileEncoding = 4; lastKnownFileType = sourcecode.c.h; path = "UIImageView+WebCache.h"; sourceTree = "<group>"; };
		054F408C192E2CA600960ABE /* UIImageView+WebCache.m */ = {isa = PBXFileReference; fileEncoding = 4; lastKnownFileType = sourcecode.c.objc; path = "UIImageView+WebCache.m"; sourceTree = "<group>"; };
		054F40A0192E39C400960ABE /* UILabel+dynamicSizeMe.h */ = {isa = PBXFileReference; fileEncoding = 4; lastKnownFileType = sourcecode.c.h; path = "UILabel+dynamicSizeMe.h"; sourceTree = "<group>"; };
		054F40A1192E39C400960ABE /* UILabel+dynamicSizeMe.m */ = {isa = PBXFileReference; fileEncoding = 4; lastKnownFileType = sourcecode.c.objc; path = "UILabel+dynamicSizeMe.m"; sourceTree = "<group>"; };
		054F40A5192E46E500960ABE /* HeaderInsetTableView.h */ = {isa = PBXFileReference; fileEncoding = 4; lastKnownFileType = sourcecode.c.h; path = HeaderInsetTableView.h; sourceTree = "<group>"; };
		054F40A6192E46E500960ABE /* HeaderInsetTableView.m */ = {isa = PBXFileReference; fileEncoding = 4; lastKnownFileType = sourcecode.c.objc; path = HeaderInsetTableView.m; sourceTree = "<group>"; };
		0578F9741928BDCA00F8F7B3 /* ECPercentDrivenInteractiveTransition.h */ = {isa = PBXFileReference; fileEncoding = 4; lastKnownFileType = sourcecode.c.h; path = ECPercentDrivenInteractiveTransition.h; sourceTree = "<group>"; };
		0578F9751928BDCA00F8F7B3 /* ECPercentDrivenInteractiveTransition.m */ = {isa = PBXFileReference; fileEncoding = 4; lastKnownFileType = sourcecode.c.objc; path = ECPercentDrivenInteractiveTransition.m; sourceTree = "<group>"; };
		0578F9761928BDCA00F8F7B3 /* ECSlidingAnimationController.h */ = {isa = PBXFileReference; fileEncoding = 4; lastKnownFileType = sourcecode.c.h; path = ECSlidingAnimationController.h; sourceTree = "<group>"; };
		0578F9771928BDCA00F8F7B3 /* ECSlidingAnimationController.m */ = {isa = PBXFileReference; fileEncoding = 4; lastKnownFileType = sourcecode.c.objc; path = ECSlidingAnimationController.m; sourceTree = "<group>"; };
		0578F9781928BDCA00F8F7B3 /* ECSlidingConstants.h */ = {isa = PBXFileReference; fileEncoding = 4; lastKnownFileType = sourcecode.c.h; path = ECSlidingConstants.h; sourceTree = "<group>"; };
		0578F9791928BDCA00F8F7B3 /* ECSlidingInteractiveTransition.h */ = {isa = PBXFileReference; fileEncoding = 4; lastKnownFileType = sourcecode.c.h; path = ECSlidingInteractiveTransition.h; sourceTree = "<group>"; };
		0578F97A1928BDCA00F8F7B3 /* ECSlidingInteractiveTransition.m */ = {isa = PBXFileReference; fileEncoding = 4; lastKnownFileType = sourcecode.c.objc; path = ECSlidingInteractiveTransition.m; sourceTree = "<group>"; };
		0578F97B1928BDCA00F8F7B3 /* ECSlidingSegue.h */ = {isa = PBXFileReference; fileEncoding = 4; lastKnownFileType = sourcecode.c.h; path = ECSlidingSegue.h; sourceTree = "<group>"; };
		0578F97C1928BDCA00F8F7B3 /* ECSlidingSegue.m */ = {isa = PBXFileReference; fileEncoding = 4; lastKnownFileType = sourcecode.c.objc; path = ECSlidingSegue.m; sourceTree = "<group>"; };
		0578F97D1928BDCA00F8F7B3 /* ECSlidingViewController.h */ = {isa = PBXFileReference; fileEncoding = 4; lastKnownFileType = sourcecode.c.h; path = ECSlidingViewController.h; sourceTree = "<group>"; };
		0578F97E1928BDCA00F8F7B3 /* ECSlidingViewController.m */ = {isa = PBXFileReference; fileEncoding = 4; lastKnownFileType = sourcecode.c.objc; path = ECSlidingViewController.m; sourceTree = "<group>"; };
		0578F97F1928BDCA00F8F7B3 /* UIViewController+ECSlidingViewController.h */ = {isa = PBXFileReference; fileEncoding = 4; lastKnownFileType = sourcecode.c.h; path = "UIViewController+ECSlidingViewController.h"; sourceTree = "<group>"; };
		0578F9801928BDCA00F8F7B3 /* UIViewController+ECSlidingViewController.m */ = {isa = PBXFileReference; fileEncoding = 4; lastKnownFileType = sourcecode.c.objc; path = "UIViewController+ECSlidingViewController.m"; sourceTree = "<group>"; };
		058117611925FC6E00B79087 /* blurred-violet.jpg */ = {isa = PBXFileReference; lastKnownFileType = image.jpeg; path = "blurred-violet.jpg"; sourceTree = "<group>"; };
		058117631925FCC700B79087 /* bg-yellow.png */ = {isa = PBXFileReference; lastKnownFileType = image.png; path = "bg-yellow.png"; sourceTree = "<group>"; };
		058117651925FD6F00B79087 /* bg-red.jpg */ = {isa = PBXFileReference; lastKnownFileType = image.jpeg; path = "bg-red.jpg"; sourceTree = "<group>"; };
		05B66A1B1928ACC9009D6F1F /* TDWelcomeNavigationDelegate.h */ = {isa = PBXFileReference; fileEncoding = 4; lastKnownFileType = sourcecode.c.h; name = TDWelcomeNavigationDelegate.h; path = iPhone/TDWelcomeNavigationDelegate.h; sourceTree = "<group>"; };
		05BB5EF7192F56BF00D9BE6A /* TDEventDescriptionView.xib */ = {isa = PBXFileReference; fileEncoding = 4; lastKnownFileType = file.xib; name = TDEventDescriptionView.xib; path = iPhone/TDEventDescriptionView.xib; sourceTree = "<group>"; };
		05BB5EF9192F572700D9BE6A /* TDEventDescriptionView.h */ = {isa = PBXFileReference; fileEncoding = 4; lastKnownFileType = sourcecode.c.h; name = TDEventDescriptionView.h; path = iPhone/TDEventDescriptionView.h; sourceTree = "<group>"; };
		05BB5EFA192F572700D9BE6A /* TDEventDescriptionView.m */ = {isa = PBXFileReference; fileEncoding = 4; lastKnownFileType = sourcecode.c.objc; name = TDEventDescriptionView.m; path = iPhone/TDEventDescriptionView.m; sourceTree = "<group>"; };
		05BB5EFD192F594F00D9BE6A /* FXBlurView.h */ = {isa = PBXFileReference; fileEncoding = 4; lastKnownFileType = sourcecode.c.h; path = FXBlurView.h; sourceTree = "<group>"; };
		05BB5EFE192F594F00D9BE6A /* FXBlurView.m */ = {isa = PBXFileReference; fileEncoding = 4; lastKnownFileType = sourcecode.c.objc; path = FXBlurView.m; sourceTree = "<group>"; };
		05BB5F00192F59C100D9BE6A /* ILTranslucentView.h */ = {isa = PBXFileReference; fileEncoding = 4; lastKnownFileType = sourcecode.c.h; path = ILTranslucentView.h; sourceTree = "<group>"; };
		05BB5F01192F59C100D9BE6A /* ILTranslucentView.m */ = {isa = PBXFileReference; fileEncoding = 4; lastKnownFileType = sourcecode.c.objc; path = ILTranslucentView.m; sourceTree = "<group>"; };
		05BB5F05192F7C1800D9BE6A /* menu-feed-icon-off@2x.png */ = {isa = PBXFileReference; lastKnownFileType = image.png; path = "menu-feed-icon-off@2x.png"; sourceTree = "<group>"; };
		05BB5F06192F7C1800D9BE6A /* menu-feed-icon-on@2x.png */ = {isa = PBXFileReference; lastKnownFileType = image.png; path = "menu-feed-icon-on@2x.png"; sourceTree = "<group>"; };
		05BB5F07192F7C1800D9BE6A /* menu-friends-icon-off@2x.png */ = {isa = PBXFileReference; lastKnownFileType = image.png; path = "menu-friends-icon-off@2x.png"; sourceTree = "<group>"; };
		05BB5F08192F7C1800D9BE6A /* menu-friends-icon-on@2x.png */ = {isa = PBXFileReference; lastKnownFileType = image.png; path = "menu-friends-icon-on@2x.png"; sourceTree = "<group>"; };
		05BB5F09192F7C1800D9BE6A /* menu-notification-button-off@2x.png */ = {isa = PBXFileReference; lastKnownFileType = image.png; path = "menu-notification-button-off@2x.png"; sourceTree = "<group>"; };
		05BB5F0A192F7C1800D9BE6A /* menu-notification-button-on@2x.png */ = {isa = PBXFileReference; lastKnownFileType = image.png; path = "menu-notification-button-on@2x.png"; sourceTree = "<group>"; };
		05BB5F0B192F7C1800D9BE6A /* menu-request-button-off@2x.png */ = {isa = PBXFileReference; lastKnownFileType = image.png; path = "menu-request-button-off@2x.png"; sourceTree = "<group>"; };
		05BB5F0C192F7C1800D9BE6A /* menu-request-button-on@2x.png */ = {isa = PBXFileReference; lastKnownFileType = image.png; path = "menu-request-button-on@2x.png"; sourceTree = "<group>"; };
		05BB5F0D192F7C1800D9BE6A /* menu-settings-icon-on@2x.png */ = {isa = PBXFileReference; lastKnownFileType = image.png; path = "menu-settings-icon-on@2x.png"; sourceTree = "<group>"; };
		05BB5F0E192F7C1800D9BE6A /* menu-spots-icon-off@2x.png */ = {isa = PBXFileReference; lastKnownFileType = image.png; path = "menu-spots-icon-off@2x.png"; sourceTree = "<group>"; };
		05BB5F0F192F7C1800D9BE6A /* menu-spots-icon-on@2x.png */ = {isa = PBXFileReference; lastKnownFileType = image.png; path = "menu-spots-icon-on@2x.png"; sourceTree = "<group>"; };
		05BB5F10192F7C1800D9BE6A /* watchr-menu-button@2x.png */ = {isa = PBXFileReference; lastKnownFileType = image.png; path = "watchr-menu-button@2x.png"; sourceTree = "<group>"; };
		05BB5F1E192F7DBB00D9BE6A /* TDSideMenuViewController.h */ = {isa = PBXFileReference; fileEncoding = 4; lastKnownFileType = sourcecode.c.h; name = TDSideMenuViewController.h; path = iPhone/TDSideMenuViewController.h; sourceTree = "<group>"; };
		05BB5F1F192F7DBB00D9BE6A /* TDSideMenuViewController.m */ = {isa = PBXFileReference; fileEncoding = 4; lastKnownFileType = sourcecode.c.objc; name = TDSideMenuViewController.m; path = iPhone/TDSideMenuViewController.m; sourceTree = "<group>"; };
		05C077921924EC12005AB425 /* watchr.app */ = {isa = PBXFileReference; explicitFileType = wrapper.application; includeInIndex = 0; path = watchr.app; sourceTree = BUILT_PRODUCTS_DIR; };
		05C077951924EC12005AB425 /* Foundation.framework */ = {isa = PBXFileReference; lastKnownFileType = wrapper.framework; name = Foundation.framework; path = System/Library/Frameworks/Foundation.framework; sourceTree = SDKROOT; };
		05C077971924EC12005AB425 /* CoreGraphics.framework */ = {isa = PBXFileReference; lastKnownFileType = wrapper.framework; name = CoreGraphics.framework; path = System/Library/Frameworks/CoreGraphics.framework; sourceTree = SDKROOT; };
		05C077991924EC12005AB425 /* UIKit.framework */ = {isa = PBXFileReference; lastKnownFileType = wrapper.framework; name = UIKit.framework; path = System/Library/Frameworks/UIKit.framework; sourceTree = SDKROOT; };
		05C0779D1924EC12005AB425 /* watchr-Info.plist */ = {isa = PBXFileReference; lastKnownFileType = text.plist.xml; path = "watchr-Info.plist"; sourceTree = "<group>"; };
		05C0779F1924EC12005AB425 /* en */ = {isa = PBXFileReference; lastKnownFileType = text.plist.strings; name = en; path = en.lproj/InfoPlist.strings; sourceTree = "<group>"; };
		05C077A11924EC12005AB425 /* main.m */ = {isa = PBXFileReference; lastKnownFileType = sourcecode.c.objc; path = main.m; sourceTree = "<group>"; };
		05C077A31924EC12005AB425 /* watchr-Prefix.pch */ = {isa = PBXFileReference; lastKnownFileType = sourcecode.c.h; path = "watchr-Prefix.pch"; sourceTree = "<group>"; };
		05C077A41924EC12005AB425 /* TDAppDelegate.h */ = {isa = PBXFileReference; lastKnownFileType = sourcecode.c.h; path = TDAppDelegate.h; sourceTree = "<group>"; };
		05C077A51924EC12005AB425 /* TDAppDelegate.m */ = {isa = PBXFileReference; lastKnownFileType = sourcecode.c.objc; path = TDAppDelegate.m; sourceTree = "<group>"; };
		05C077A81924EC12005AB425 /* Base */ = {isa = PBXFileReference; lastKnownFileType = file.storyboard; name = Base; path = Base.lproj/Main_iPhone.storyboard; sourceTree = "<group>"; };
		05C077AB1924EC12005AB425 /* Base */ = {isa = PBXFileReference; lastKnownFileType = file.storyboard; name = Base; path = Base.lproj/Main_iPad.storyboard; sourceTree = "<group>"; };
		05C077B31924EC12005AB425 /* Images.xcassets */ = {isa = PBXFileReference; lastKnownFileType = folder.assetcatalog; name = Images.xcassets; path = watchr/Images.xcassets; sourceTree = "<group>"; };
		05C077B91924EC12005AB425 /* watchrTests.xctest */ = {isa = PBXFileReference; explicitFileType = wrapper.cfbundle; includeInIndex = 0; path = watchrTests.xctest; sourceTree = BUILT_PRODUCTS_DIR; };
		05C077BA1924EC12005AB425 /* XCTest.framework */ = {isa = PBXFileReference; lastKnownFileType = wrapper.framework; name = XCTest.framework; path = Library/Frameworks/XCTest.framework; sourceTree = DEVELOPER_DIR; };
		05C077C21924EC12005AB425 /* watchrTests-Info.plist */ = {isa = PBXFileReference; lastKnownFileType = text.plist.xml; path = "watchrTests-Info.plist"; sourceTree = "<group>"; };
		05C077C41924EC12005AB425 /* en */ = {isa = PBXFileReference; lastKnownFileType = text.plist.strings; name = en; path = en.lproj/InfoPlist.strings; sourceTree = "<group>"; };
		05C077C61924EC12005AB425 /* watchrTests.m */ = {isa = PBXFileReference; lastKnownFileType = sourcecode.c.objc; path = watchrTests.m; sourceTree = "<group>"; };
		05C077D41924EE2B005AB425 /* IntroStoryboard_iPhone.storyboard */ = {isa = PBXFileReference; fileEncoding = 4; lastKnownFileType = file.storyboard; name = IntroStoryboard_iPhone.storyboard; path = iPhone/IntroStoryboard_iPhone.storyboard; sourceTree = "<group>"; };
		05C077D81924EF03005AB425 /* TDWelcomeScreenViewController.h */ = {isa = PBXFileReference; fileEncoding = 4; lastKnownFileType = sourcecode.c.h; name = TDWelcomeScreenViewController.h; path = iPhone/TDWelcomeScreenViewController.h; sourceTree = "<group>"; };
		05C077D91924EF03005AB425 /* TDWelcomeScreenViewController.m */ = {isa = PBXFileReference; fileEncoding = 4; lastKnownFileType = sourcecode.c.objc; name = TDWelcomeScreenViewController.m; path = iPhone/TDWelcomeScreenViewController.m; sourceTree = "<group>"; };
		05C0782E1924FCE5005AB425 /* blurred-background.png */ = {isa = PBXFileReference; lastKnownFileType = image.png; path = "blurred-background.png"; sourceTree = "<group>"; };
		05C0783219253B63005AB425 /* TDLoginViewController.h */ = {isa = PBXFileReference; fileEncoding = 4; lastKnownFileType = sourcecode.c.h; name = TDLoginViewController.h; path = iPhone/TDLoginViewController.h; sourceTree = "<group>"; };
		05C0783319253B63005AB425 /* TDLoginViewController.m */ = {isa = PBXFileReference; fileEncoding = 4; lastKnownFileType = sourcecode.c.objc; name = TDLoginViewController.m; path = iPhone/TDLoginViewController.m; sourceTree = "<group>"; };
		05C0783519253B73005AB425 /* TDRegisterViewController.h */ = {isa = PBXFileReference; fileEncoding = 4; lastKnownFileType = sourcecode.c.h; name = TDRegisterViewController.h; path = iPhone/TDRegisterViewController.h; sourceTree = "<group>"; };
		05C0783619253B73005AB425 /* TDRegisterViewController.m */ = {isa = PBXFileReference; fileEncoding = 4; lastKnownFileType = sourcecode.c.objc; name = TDRegisterViewController.m; path = iPhone/TDRegisterViewController.m; sourceTree = "<group>"; };
		05C0783819253C6E005AB425 /* back-chevron.png */ = {isa = PBXFileReference; lastKnownFileType = image.png; path = "back-chevron.png"; sourceTree = "<group>"; };
		05C0783919253C6E005AB425 /* back-chevron@2x.png */ = {isa = PBXFileReference; lastKnownFileType = image.png; path = "back-chevron@2x.png"; sourceTree = "<group>"; };
		05C0783A19253C6E005AB425 /* login-background@2x.png */ = {isa = PBXFileReference; lastKnownFileType = image.png; path = "login-background@2x.png"; sourceTree = "<group>"; };
		05C0783B19253C6E005AB425 /* login-button-clear.png */ = {isa = PBXFileReference; lastKnownFileType = image.png; path = "login-button-clear.png"; sourceTree = "<group>"; };
		05C0783C19253C6E005AB425 /* login-button-clear@2x.png */ = {isa = PBXFileReference; lastKnownFileType = image.png; path = "login-button-clear@2x.png"; sourceTree = "<group>"; };
		05C40A4B192A4D8E002F1F1A /* MEFoldAnimationController.h */ = {isa = PBXFileReference; fileEncoding = 4; lastKnownFileType = sourcecode.c.h; path = MEFoldAnimationController.h; sourceTree = "<group>"; };
		05C40A4C192A4D8E002F1F1A /* MEFoldAnimationController.m */ = {isa = PBXFileReference; fileEncoding = 4; lastKnownFileType = sourcecode.c.objc; path = MEFoldAnimationController.m; sourceTree = "<group>"; };
		05C40A4D192A4D8E002F1F1A /* MEZoomAnimationController.h */ = {isa = PBXFileReference; fileEncoding = 4; lastKnownFileType = sourcecode.c.h; path = MEZoomAnimationController.h; sourceTree = "<group>"; };
		05C40A4E192A4D8E002F1F1A /* MEZoomAnimationController.m */ = {isa = PBXFileReference; fileEncoding = 4; lastKnownFileType = sourcecode.c.objc; path = MEZoomAnimationController.m; sourceTree = "<group>"; };
		05C40A4F192A4D8E002F1F1A /* MEDynamicTransition.h */ = {isa = PBXFileReference; fileEncoding = 4; lastKnownFileType = sourcecode.c.h; path = MEDynamicTransition.h; sourceTree = "<group>"; };
		05C40A50192A4D8E002F1F1A /* MEDynamicTransition.m */ = {isa = PBXFileReference; fileEncoding = 4; lastKnownFileType = sourcecode.c.objc; path = MEDynamicTransition.m; sourceTree = "<group>"; };
		05C40A55192A4E30002F1F1A /* METransitions.h */ = {isa = PBXFileReference; fileEncoding = 4; lastKnownFileType = sourcecode.c.h; path = METransitions.h; sourceTree = "<group>"; };
		05C40A56192A4E30002F1F1A /* METransitions.m */ = {isa = PBXFileReference; fileEncoding = 4; lastKnownFileType = sourcecode.c.objc; path = METransitions.m; sourceTree = "<group>"; };
		05C40A58192A54B6002F1F1A /* libPods-TransitionFun.a */ = {isa = PBXFileReference; lastKnownFileType = archive.ar; path = "libPods-TransitionFun.a"; sourceTree = "<group>"; };
		05C40A5A192A60B9002F1F1A /* TDCoreNavigationController.h */ = {isa = PBXFileReference; fileEncoding = 4; lastKnownFileType = sourcecode.c.h; path = TDCoreNavigationController.h; sourceTree = "<group>"; };
		05C40A5B192A60B9002F1F1A /* TDCoreNavigationController.m */ = {isa = PBXFileReference; fileEncoding = 4; lastKnownFileType = sourcecode.c.objc; path = TDCoreNavigationController.m; sourceTree = "<group>"; };
		05C40A5E192A676D002F1F1A /* TDDashboardViewController.h */ = {isa = PBXFileReference; fileEncoding = 4; lastKnownFileType = sourcecode.c.h; name = TDDashboardViewController.h; path = iPhone/TDDashboardViewController.h; sourceTree = "<group>"; };
		05C40A5F192A676D002F1F1A /* TDDashboardViewController.m */ = {isa = PBXFileReference; fileEncoding = 4; lastKnownFileType = sourcecode.c.objc; name = TDDashboardViewController.m; path = iPhone/TDDashboardViewController.m; sourceTree = "<group>"; };
		05C40A62192A7151002F1F1A /* DashboardStoryboard_iPhone.storyboard */ = {isa = PBXFileReference; fileEncoding = 4; lastKnownFileType = file.storyboard; name = DashboardStoryboard_iPhone.storyboard; path = iPhone/DashboardStoryboard_iPhone.storyboard; sourceTree = "<group>"; };
		05C40A64192A73CA002F1F1A /* MapKit.framework */ = {isa = PBXFileReference; lastKnownFileType = wrapper.framework; name = MapKit.framework; path = System/Library/Frameworks/MapKit.framework; sourceTree = SDKROOT; };
		05C40A66192A8018002F1F1A /* FacingView.h */ = {isa = PBXFileReference; fileEncoding = 4; lastKnownFileType = sourcecode.c.h; path = FacingView.h; sourceTree = "<group>"; };
		05C40A67192A8018002F1F1A /* FacingView.m */ = {isa = PBXFileReference; fileEncoding = 4; lastKnownFileType = sourcecode.c.objc; path = FacingView.m; sourceTree = "<group>"; };
		05C40A68192A8018002F1F1A /* FoldView.h */ = {isa = PBXFileReference; fileEncoding = 4; lastKnownFileType = sourcecode.c.h; path = FoldView.h; sourceTree = "<group>"; };
		05C40A69192A8018002F1F1A /* FoldView.m */ = {isa = PBXFileReference; fileEncoding = 4; lastKnownFileType = sourcecode.c.objc; path = FoldView.m; sourceTree = "<group>"; };
		05C40A6A192A8018002F1F1A /* MultiFoldView.h */ = {isa = PBXFileReference; fileEncoding = 4; lastKnownFileType = sourcecode.c.h; path = MultiFoldView.h; sourceTree = "<group>"; };
		05C40A6B192A8018002F1F1A /* MultiFoldView.m */ = {isa = PBXFileReference; fileEncoding = 4; lastKnownFileType = sourcecode.c.objc; path = MultiFoldView.m; sourceTree = "<group>"; };
		05C40A6C192A8018002F1F1A /* PaperFoldView.h */ = {isa = PBXFileReference; fileEncoding = 4; lastKnownFileType = sourcecode.c.h; path = PaperFoldView.h; sourceTree = "<group>"; };
		05C40A6D192A8018002F1F1A /* PaperFoldView.m */ = {isa = PBXFileReference; fileEncoding = 4; lastKnownFileType = sourcecode.c.objc; path = PaperFoldView.m; sourceTree = "<group>"; };
		05C40A6E192A8018002F1F1A /* ShadowView.h */ = {isa = PBXFileReference; fileEncoding = 4; lastKnownFileType = sourcecode.c.h; path = ShadowView.h; sourceTree = "<group>"; };
		05C40A6F192A8018002F1F1A /* ShadowView.m */ = {isa = PBXFileReference; fileEncoding = 4; lastKnownFileType = sourcecode.c.objc; path = ShadowView.m; sourceTree = "<group>"; };
		05C40A70192A8018002F1F1A /* TouchThroughUIView.h */ = {isa = PBXFileReference; fileEncoding = 4; lastKnownFileType = sourcecode.c.h; path = TouchThroughUIView.h; sourceTree = "<group>"; };
		05C40A71192A8018002F1F1A /* TouchThroughUIView.m */ = {isa = PBXFileReference; fileEncoding = 4; lastKnownFileType = sourcecode.c.objc; path = TouchThroughUIView.m; sourceTree = "<group>"; };
		05C40A72192A8018002F1F1A /* UIView+Screenshot.h */ = {isa = PBXFileReference; fileEncoding = 4; lastKnownFileType = sourcecode.c.h; path = "UIView+Screenshot.h"; sourceTree = "<group>"; };
		05C40A73192A8018002F1F1A /* UIView+Screenshot.m */ = {isa = PBXFileReference; fileEncoding = 4; lastKnownFileType = sourcecode.c.objc; path = "UIView+Screenshot.m"; sourceTree = "<group>"; };
		05C40A74192A8018002F1F1A /* PaperFoldConstants.h */ = {isa = PBXFileReference; fileEncoding = 4; lastKnownFileType = sourcecode.c.h; path = PaperFoldConstants.h; sourceTree = "<group>"; };
/* End PBXFileReference section */

/* Begin PBXFrameworksBuildPhase section */
		05C0778F1924EC12005AB425 /* Frameworks */ = {
			isa = PBXFrameworksBuildPhase;
			buildActionMask = 2147483647;
			files = (
				05C40A65192A73CA002F1F1A /* MapKit.framework in Frameworks */,
				05C40A59192A54B6002F1F1A /* libPods-TransitionFun.a in Frameworks */,
				05C077981924EC12005AB425 /* CoreGraphics.framework in Frameworks */,
				05C0779A1924EC12005AB425 /* UIKit.framework in Frameworks */,
				05C077961924EC12005AB425 /* Foundation.framework in Frameworks */,
			);
			runOnlyForDeploymentPostprocessing = 0;
		};
		05C077B61924EC12005AB425 /* Frameworks */ = {
			isa = PBXFrameworksBuildPhase;
			buildActionMask = 2147483647;
			files = (
				05C077BB1924EC12005AB425 /* XCTest.framework in Frameworks */,
				05C077BD1924EC12005AB425 /* UIKit.framework in Frameworks */,
				05C077BC1924EC12005AB425 /* Foundation.framework in Frameworks */,
			);
			runOnlyForDeploymentPostprocessing = 0;
		};
/* End PBXFrameworksBuildPhase section */

/* Begin PBXGroup section */
		05228126192B86A6000E8868 /* XYOrigami */ = {
			isa = PBXGroup;
			children = (
				05228127192B86A6000E8868 /* UIView+Origami.h */,
				05228128192B86A6000E8868 /* UIView+Origami.m */,
			);
			path = XYOrigami;
			sourceTree = "<group>";
		};
		0522812D192BAD86000E8868 /* Event Cell */ = {
			isa = PBXGroup;
			children = (
				0522812A192BAD82000E8868 /* TDDashboardEventTableViewCell.h */,
				0522812B192BAD82000E8868 /* TDDashboardEventTableViewCell.m */,
			);
			name = "Event Cell";
			sourceTree = "<group>";
		};
		05228136192BB0B8000E8868 /* Dashboard */ = {
			isa = PBXGroup;
			children = (
				05228137192BC3F5000E8868 /* sort-small-icon.png */,
				05228138192BC3F5000E8868 /* sort-small-icon@2x.png */,
				05228139192BC3F5000E8868 /* tags-small-icon.png */,
				0522813A192BC3F5000E8868 /* tags-small-icon@2x.png */,
				0522813B192BC3F5000E8868 /* user-location-small-icon.png */,
				0522813C192BC3F5000E8868 /* user-location-small-icon@2x.png */,
				0522812E192BB0B6000E8868 /* importance-icon.png */,
				0522812F192BB0B6000E8868 /* importance-icon@2x.png */,
				05228130192BB0B6000E8868 /* pin-small-icon.png */,
				05228131192BB0B6000E8868 /* pin-small-icon@2x.png */,
			);
			name = Dashboard;
			sourceTree = "<group>";
		};
		05228146192BD563000E8868 /* FilterButton */ = {
			isa = PBXGroup;
			children = (
				05228143192BD501000E8868 /* TDDashboardFilterButton.h */,
				05228144192BD501000E8868 /* TDDashboardFilterButton.m */,
			);
			name = FilterButton;
			sourceTree = "<group>";
		};
		05409D77192557B300E8544C /* Vendor */ = {
			isa = PBXGroup;
			children = (
				05BB5F03192F5A6600D9BE6A /* ILTranslucentView */,
				05BB5EFC192F594F00D9BE6A /* FXBlurView */,
				054F40A4192E46C300960ABE /* Header Inset TableView */,
				054F40A3192E39C800960ABE /* Dynamic Size Label */,
				054F406D192E2CA600960ABE /* SDWebImage */,
				054F405F192E21D500960ABE /* APParallaxHeader */,
				05228126192B86A6000E8868 /* XYOrigami */,
				05C40A7C192A801D002F1F1A /* PaperFold */,
				05C40A54192A4D92002F1F1A /* Transitions */,
				0578F9731928BDCA00F8F7B3 /* ECSlidingViewController */,
				05409D78192557CE00E8544C /* FBShimmering */,
			);
			name = Vendor;
			sourceTree = "<group>";
		};
		05409D78192557CE00E8544C /* FBShimmering */ = {
			isa = PBXGroup;
			children = (
				05409D79192557CE00E8544C /* FBShimmering-Prefix.pch */,
				05409D7A192557CE00E8544C /* FBShimmering.h */,
				05409D7B192557CE00E8544C /* FBShimmeringLayer.h */,
				05409D7C192557CE00E8544C /* FBShimmeringLayer.m */,
				05409D7D192557CE00E8544C /* FBShimmeringView.h */,
				05409D7E192557CE00E8544C /* FBShimmeringView.m */,
			);
			path = FBShimmering;
			sourceTree = "<group>";
		};
		054F4058192E1AA200960ABE /* Event Details */ = {
			isa = PBXGroup;
			children = (
				054F4059192E1ACA00960ABE /* EventStoryboard_iPhone.storyboard */,
				054F4069192E292900960ABE /* Event Details View Controller */,
				054F405B192E20F400960ABE /* Carousel View */,
			);
			name = "Event Details";
			sourceTree = "<group>";
		};
		054F405B192E20F400960ABE /* Carousel View */ = {
			isa = PBXGroup;
			children = (
				054F405C192E210C00960ABE /* TDCarouselView.h */,
				054F405D192E210C00960ABE /* TDCarouselView.m */,
			);
			name = "Carousel View";
			sourceTree = "<group>";
		};
		054F405F192E21D500960ABE /* APParallaxHeader */ = {
			isa = PBXGroup;
			children = (
				054F4060192E21D500960ABE /* UIScrollView+APParallaxHeader.h */,
				054F4061192E21D500960ABE /* UIScrollView+APParallaxHeader.m */,
			);
			path = APParallaxHeader;
			sourceTree = "<group>";
		};
		054F4069192E292900960ABE /* Event Details View Controller */ = {
			isa = PBXGroup;
			children = (
				054F406A192E294600960ABE /* TDEventDetailsViewController.h */,
				054F406B192E294600960ABE /* TDEventDetailsViewController.m */,
				054F409C192E35A300960ABE /* EventDescriptionView */,
			);
			name = "Event Details View Controller";
			sourceTree = "<group>";
		};
		054F406D192E2CA600960ABE /* SDWebImage */ = {
			isa = PBXGroup;
			children = (
				054F406E192E2CA600960ABE /* MKAnnotationView+WebCache.h */,
				054F406F192E2CA600960ABE /* MKAnnotationView+WebCache.m */,
				054F4070192E2CA600960ABE /* NSData+ImageContentType.h */,
				054F4071192E2CA600960ABE /* NSData+ImageContentType.m */,
				054F4072192E2CA600960ABE /* SDImageCache.h */,
				054F4073192E2CA600960ABE /* SDImageCache.m */,
				054F4074192E2CA600960ABE /* SDWebImageCompat.h */,
				054F4075192E2CA600960ABE /* SDWebImageCompat.m */,
				054F4076192E2CA600960ABE /* SDWebImageDecoder.h */,
				054F4077192E2CA600960ABE /* SDWebImageDecoder.m */,
				054F4078192E2CA600960ABE /* SDWebImageDownloader.h */,
				054F4079192E2CA600960ABE /* SDWebImageDownloader.m */,
				054F407A192E2CA600960ABE /* SDWebImageDownloaderOperation.h */,
				054F407B192E2CA600960ABE /* SDWebImageDownloaderOperation.m */,
				054F407C192E2CA600960ABE /* SDWebImageManager.h */,
				054F407D192E2CA600960ABE /* SDWebImageManager.m */,
				054F407E192E2CA600960ABE /* SDWebImageOperation.h */,
				054F407F192E2CA600960ABE /* SDWebImagePrefetcher.h */,
				054F4080192E2CA600960ABE /* SDWebImagePrefetcher.m */,
				054F4081192E2CA600960ABE /* UIButton+WebCache.h */,
				054F4082192E2CA600960ABE /* UIButton+WebCache.m */,
				054F4083192E2CA600960ABE /* UIImage+GIF.h */,
				054F4084192E2CA600960ABE /* UIImage+GIF.m */,
				054F4085192E2CA600960ABE /* UIImage+MultiFormat.h */,
				054F4086192E2CA600960ABE /* UIImage+MultiFormat.m */,
				054F4087192E2CA600960ABE /* UIImage+WebP.h */,
				054F4088192E2CA600960ABE /* UIImage+WebP.m */,
				054F4089192E2CA600960ABE /* UIImageView+HighlightedWebCache.h */,
				054F408A192E2CA600960ABE /* UIImageView+HighlightedWebCache.m */,
				054F408B192E2CA600960ABE /* UIImageView+WebCache.h */,
				054F408C192E2CA600960ABE /* UIImageView+WebCache.m */,
			);
			path = SDWebImage;
			sourceTree = "<group>";
		};
		054F409C192E35A300960ABE /* EventDescriptionView */ = {
			isa = PBXGroup;
			children = (
				05BB5EF7192F56BF00D9BE6A /* TDEventDescriptionView.xib */,
				05BB5EF9192F572700D9BE6A /* TDEventDescriptionView.h */,
				05BB5EFA192F572700D9BE6A /* TDEventDescriptionView.m */,
			);
			name = EventDescriptionView;
			sourceTree = "<group>";
		};
		054F40A3192E39C800960ABE /* Dynamic Size Label */ = {
			isa = PBXGroup;
			children = (
				054F40A0192E39C400960ABE /* UILabel+dynamicSizeMe.h */,
				054F40A1192E39C400960ABE /* UILabel+dynamicSizeMe.m */,
			);
			name = "Dynamic Size Label";
			sourceTree = "<group>";
		};
		054F40A4192E46C300960ABE /* Header Inset TableView */ = {
			isa = PBXGroup;
			children = (
				054F40A5192E46E500960ABE /* HeaderInsetTableView.h */,
				054F40A6192E46E500960ABE /* HeaderInsetTableView.m */,
			);
			name = "Header Inset TableView";
			sourceTree = "<group>";
		};
		0578F9731928BDCA00F8F7B3 /* ECSlidingViewController */ = {
			isa = PBXGroup;
			children = (
				0578F9741928BDCA00F8F7B3 /* ECPercentDrivenInteractiveTransition.h */,
				0578F9751928BDCA00F8F7B3 /* ECPercentDrivenInteractiveTransition.m */,
				0578F9761928BDCA00F8F7B3 /* ECSlidingAnimationController.h */,
				0578F9771928BDCA00F8F7B3 /* ECSlidingAnimationController.m */,
				0578F9781928BDCA00F8F7B3 /* ECSlidingConstants.h */,
				0578F9791928BDCA00F8F7B3 /* ECSlidingInteractiveTransition.h */,
				0578F97A1928BDCA00F8F7B3 /* ECSlidingInteractiveTransition.m */,
				0578F97B1928BDCA00F8F7B3 /* ECSlidingSegue.h */,
				0578F97C1928BDCA00F8F7B3 /* ECSlidingSegue.m */,
				0578F97D1928BDCA00F8F7B3 /* ECSlidingViewController.h */,
				0578F97E1928BDCA00F8F7B3 /* ECSlidingViewController.m */,
				0578F97F1928BDCA00F8F7B3 /* UIViewController+ECSlidingViewController.h */,
				0578F9801928BDCA00F8F7B3 /* UIViewController+ECSlidingViewController.m */,
			);
			path = ECSlidingViewController;
			sourceTree = "<group>";
		};
		05BB5EFC192F594F00D9BE6A /* FXBlurView */ = {
			isa = PBXGroup;
			children = (
				05BB5EFD192F594F00D9BE6A /* FXBlurView.h */,
				05BB5EFE192F594F00D9BE6A /* FXBlurView.m */,
			);
			path = FXBlurView;
			sourceTree = "<group>";
		};
		05BB5F03192F5A6600D9BE6A /* ILTranslucentView */ = {
			isa = PBXGroup;
			children = (
				05BB5F00192F59C100D9BE6A /* ILTranslucentView.h */,
				05BB5F01192F59C100D9BE6A /* ILTranslucentView.m */,
			);
			name = ILTranslucentView;
			sourceTree = "<group>";
		};
		05BB5F04192F7BF000D9BE6A /* Menu */ = {
			isa = PBXGroup;
			children = (
				05BB5F05192F7C1800D9BE6A /* menu-feed-icon-off@2x.png */,
				05BB5F06192F7C1800D9BE6A /* menu-feed-icon-on@2x.png */,
				05BB5F07192F7C1800D9BE6A /* menu-friends-icon-off@2x.png */,
				05BB5F08192F7C1800D9BE6A /* menu-friends-icon-on@2x.png */,
				05BB5F09192F7C1800D9BE6A /* menu-notification-button-off@2x.png */,
				05BB5F0A192F7C1800D9BE6A /* menu-notification-button-on@2x.png */,
				05BB5F0B192F7C1800D9BE6A /* menu-request-button-off@2x.png */,
				05BB5F0C192F7C1800D9BE6A /* menu-request-button-on@2x.png */,
				05BB5F0D192F7C1800D9BE6A /* menu-settings-icon-on@2x.png */,
				05BB5F0E192F7C1800D9BE6A /* menu-spots-icon-off@2x.png */,
				05BB5F0F192F7C1800D9BE6A /* menu-spots-icon-on@2x.png */,
				05BB5F10192F7C1800D9BE6A /* watchr-menu-button@2x.png */,
			);
			name = Menu;
			sourceTree = "<group>";
		};
		05BB5F1D192F7D9700D9BE6A /* Menu */ = {
			isa = PBXGroup;
			children = (
				05BB5F1E192F7DBB00D9BE6A /* TDSideMenuViewController.h */,
				05BB5F1F192F7DBB00D9BE6A /* TDSideMenuViewController.m */,
			);
			name = Menu;
			sourceTree = "<group>";
		};
		05C077891924EC12005AB425 = {
			isa = PBXGroup;
			children = (
				05C0779B1924EC12005AB425 /* watchr */,
				05C077B31924EC12005AB425 /* Images.xcassets */,
				05C077C01924EC12005AB425 /* watchrTests */,
				05C077941924EC12005AB425 /* Frameworks */,
				05C077931924EC12005AB425 /* Products */,
			);
			sourceTree = "<group>";
		};
		05C077931924EC12005AB425 /* Products */ = {
			isa = PBXGroup;
			children = (
				05C077921924EC12005AB425 /* watchr.app */,
				05C077B91924EC12005AB425 /* watchrTests.xctest */,
			);
			name = Products;
			sourceTree = "<group>";
		};
		05C077941924EC12005AB425 /* Frameworks */ = {
			isa = PBXGroup;
			children = (
				05C40A64192A73CA002F1F1A /* MapKit.framework */,
				05C40A58192A54B6002F1F1A /* libPods-TransitionFun.a */,
				05C077951924EC12005AB425 /* Foundation.framework */,
				05C077971924EC12005AB425 /* CoreGraphics.framework */,
				05C077991924EC12005AB425 /* UIKit.framework */,
				05C077BA1924EC12005AB425 /* XCTest.framework */,
			);
			name = Frameworks;
			sourceTree = "<group>";
		};
		05C0779B1924EC12005AB425 /* watchr */ = {
			isa = PBXGroup;
			children = (
				05409D77192557B300E8544C /* Vendor */,
				05C0782C1924FCC8005AB425 /* Assets */,
				05C077D01924EDCA005AB425 /* iPhone */,
				05C077D61924EE59005AB425 /* iPad */,
				05C0779C1924EC12005AB425 /* Supporting Files */,
			);
			path = watchr;
			sourceTree = "<group>";
		};
		05C0779C1924EC12005AB425 /* Supporting Files */ = {
			isa = PBXGroup;
			children = (
				05C0779D1924EC12005AB425 /* watchr-Info.plist */,
				05C0779E1924EC12005AB425 /* InfoPlist.strings */,
				05C077A11924EC12005AB425 /* main.m */,
				05C077A31924EC12005AB425 /* watchr-Prefix.pch */,
			);
			name = "Supporting Files";
			sourceTree = "<group>";
		};
		05C077C01924EC12005AB425 /* watchrTests */ = {
			isa = PBXGroup;
			children = (
				05C077C61924EC12005AB425 /* watchrTests.m */,
				05C077C11924EC12005AB425 /* Supporting Files */,
			);
			path = watchrTests;
			sourceTree = "<group>";
		};
		05C077C11924EC12005AB425 /* Supporting Files */ = {
			isa = PBXGroup;
			children = (
				05C077C21924EC12005AB425 /* watchrTests-Info.plist */,
				05C077C31924EC12005AB425 /* InfoPlist.strings */,
			);
			name = "Supporting Files";
			sourceTree = "<group>";
		};
		05C077D01924EDCA005AB425 /* iPhone */ = {
			isa = PBXGroup;
			children = (
				05C077A41924EC12005AB425 /* TDAppDelegate.h */,
				05C077A51924EC12005AB425 /* TDAppDelegate.m */,
				05C077A71924EC12005AB425 /* Main_iPhone.storyboard */,
				05BB5F1D192F7D9700D9BE6A /* Menu */,
				05C077D11924EDD3005AB425 /* Intro */,
				05C40A5D192A673D002F1F1A /* Dashboard */,
				054F4058192E1AA200960ABE /* Event Details */,
				05C078281924F173005AB425 /* Core */,
			);
			name = iPhone;
			sourceTree = "<group>";
		};
		05C077D11924EDD3005AB425 /* Intro */ = {
			isa = PBXGroup;
			children = (
				05C077D41924EE2B005AB425 /* IntroStoryboard_iPhone.storyboard */,
				05C077D71924EEDA005AB425 /* Welcome Screen */,
			);
			name = Intro;
			sourceTree = "<group>";
		};
		05C077D61924EE59005AB425 /* iPad */ = {
			isa = PBXGroup;
			children = (
				05C077AA1924EC12005AB425 /* Main_iPad.storyboard */,
			);
			name = iPad;
			sourceTree = "<group>";
		};
		05C077D71924EEDA005AB425 /* Welcome Screen */ = {
			isa = PBXGroup;
			children = (
				05B66A1B1928ACC9009D6F1F /* TDWelcomeNavigationDelegate.h */,
				05C077D81924EF03005AB425 /* TDWelcomeScreenViewController.h */,
				05C077D91924EF03005AB425 /* TDWelcomeScreenViewController.m */,
				05C07831192539A9005AB425 /* Login Screen */,
				05C078301925399B005AB425 /* Register Screen */,
			);
			name = "Welcome Screen";
			sourceTree = "<group>";
		};
		05C078281924F173005AB425 /* Core */ = {
			isa = PBXGroup;
			children = (
				05C40A5A192A60B9002F1F1A /* TDCoreNavigationController.h */,
				05C40A5B192A60B9002F1F1A /* TDCoreNavigationController.m */,
			);
			name = Core;
			sourceTree = "<group>";
		};
		05C0782C1924FCC8005AB425 /* Assets */ = {
			isa = PBXGroup;
			children = (
				05BB5F04192F7BF000D9BE6A /* Menu */,
				05228136192BB0B8000E8868 /* Dashboard */,
				05C0782D1924FCD4005AB425 /* Intro */,
			);
			name = Assets;
			sourceTree = "<group>";
		};
		05C0782D1924FCD4005AB425 /* Intro */ = {
			isa = PBXGroup;
			children = (
				058117651925FD6F00B79087 /* bg-red.jpg */,
				058117631925FCC700B79087 /* bg-yellow.png */,
				058117611925FC6E00B79087 /* blurred-violet.jpg */,
				05C0783819253C6E005AB425 /* back-chevron.png */,
				05C0783919253C6E005AB425 /* back-chevron@2x.png */,
				05C0783A19253C6E005AB425 /* login-background@2x.png */,
				05C0783B19253C6E005AB425 /* login-button-clear.png */,
				05C0783C19253C6E005AB425 /* login-button-clear@2x.png */,
				05C0782E1924FCE5005AB425 /* blurred-background.png */,
			);
			name = Intro;
			sourceTree = "<group>";
		};
		05C078301925399B005AB425 /* Register Screen */ = {
			isa = PBXGroup;
			children = (
				05C0783519253B73005AB425 /* TDRegisterViewController.h */,
				05C0783619253B73005AB425 /* TDRegisterViewController.m */,
			);
			name = "Register Screen";
			sourceTree = "<group>";
		};
		05C07831192539A9005AB425 /* Login Screen */ = {
			isa = PBXGroup;
			children = (
				05C0783219253B63005AB425 /* TDLoginViewController.h */,
				05C0783319253B63005AB425 /* TDLoginViewController.m */,
			);
			name = "Login Screen";
			sourceTree = "<group>";
		};
		05C40A54192A4D92002F1F1A /* Transitions */ = {
			isa = PBXGroup;
			children = (
				05C40A55192A4E30002F1F1A /* METransitions.h */,
				05C40A56192A4E30002F1F1A /* METransitions.m */,
				05C40A4B192A4D8E002F1F1A /* MEFoldAnimationController.h */,
				05C40A4C192A4D8E002F1F1A /* MEFoldAnimationController.m */,
				05C40A4D192A4D8E002F1F1A /* MEZoomAnimationController.h */,
				05C40A4E192A4D8E002F1F1A /* MEZoomAnimationController.m */,
				05C40A4F192A4D8E002F1F1A /* MEDynamicTransition.h */,
				05C40A50192A4D8E002F1F1A /* MEDynamicTransition.m */,
			);
			name = Transitions;
			sourceTree = "<group>";
		};
		05C40A5D192A673D002F1F1A /* Dashboard */ = {
			isa = PBXGroup;
			children = (
				05C40A62192A7151002F1F1A /* DashboardStoryboard_iPhone.storyboard */,
				05C40A5E192A676D002F1F1A /* TDDashboardViewController.h */,
				05C40A5F192A676D002F1F1A /* TDDashboardViewController.m */,
				0522812D192BAD86000E8868 /* Event Cell */,
				05228146192BD563000E8868 /* FilterButton */,
			);
			name = Dashboard;
			sourceTree = "<group>";
		};
		05C40A7C192A801D002F1F1A /* PaperFold */ = {
			isa = PBXGroup;
			children = (
				05C40A66192A8018002F1F1A /* FacingView.h */,
				05C40A67192A8018002F1F1A /* FacingView.m */,
				05C40A68192A8018002F1F1A /* FoldView.h */,
				05C40A69192A8018002F1F1A /* FoldView.m */,
				05C40A6A192A8018002F1F1A /* MultiFoldView.h */,
				05C40A6B192A8018002F1F1A /* MultiFoldView.m */,
				05C40A6C192A8018002F1F1A /* PaperFoldView.h */,
				05C40A6D192A8018002F1F1A /* PaperFoldView.m */,
				05C40A6E192A8018002F1F1A /* ShadowView.h */,
				05C40A6F192A8018002F1F1A /* ShadowView.m */,
				05C40A70192A8018002F1F1A /* TouchThroughUIView.h */,
				05C40A71192A8018002F1F1A /* TouchThroughUIView.m */,
				05C40A72192A8018002F1F1A /* UIView+Screenshot.h */,
				05C40A73192A8018002F1F1A /* UIView+Screenshot.m */,
				05C40A74192A8018002F1F1A /* PaperFoldConstants.h */,
			);
			name = PaperFold;
			sourceTree = "<group>";
		};
/* End PBXGroup section */

/* Begin PBXNativeTarget section */
		05C077911924EC12005AB425 /* watchr */ = {
			isa = PBXNativeTarget;
			buildConfigurationList = 05C077CA1924EC12005AB425 /* Build configuration list for PBXNativeTarget "watchr" */;
			buildPhases = (
				05C0778E1924EC12005AB425 /* Sources */,
				05C0778F1924EC12005AB425 /* Frameworks */,
				05C077901924EC12005AB425 /* Resources */,
			);
			buildRules = (
			);
			dependencies = (
			);
			name = watchr;
			productName = watchr;
			productReference = 05C077921924EC12005AB425 /* watchr.app */;
			productType = "com.apple.product-type.application";
		};
		05C077B81924EC12005AB425 /* watchrTests */ = {
			isa = PBXNativeTarget;
			buildConfigurationList = 05C077CD1924EC12005AB425 /* Build configuration list for PBXNativeTarget "watchrTests" */;
			buildPhases = (
				05C077B51924EC12005AB425 /* Sources */,
				05C077B61924EC12005AB425 /* Frameworks */,
				05C077B71924EC12005AB425 /* Resources */,
			);
			buildRules = (
			);
			dependencies = (
				05C077BF1924EC12005AB425 /* PBXTargetDependency */,
			);
			name = watchrTests;
			productName = watchrTests;
			productReference = 05C077B91924EC12005AB425 /* watchrTests.xctest */;
			productType = "com.apple.product-type.bundle.unit-test";
		};
/* End PBXNativeTarget section */

/* Begin PBXProject section */
		05C0778A1924EC12005AB425 /* Project object */ = {
			isa = PBXProject;
			attributes = {
				CLASSPREFIX = TD;
				LastUpgradeCheck = 0510;
				ORGANIZATIONNAME = "Tudor Dragan";
				TargetAttributes = {
					05C077911924EC12005AB425 = {
						DevelopmentTeam = 9XRAC7H4AK;
					};
					05C077B81924EC12005AB425 = {
						TestTargetID = 05C077911924EC12005AB425;
					};
				};
			};
			buildConfigurationList = 05C0778D1924EC12005AB425 /* Build configuration list for PBXProject "watchr" */;
			compatibilityVersion = "Xcode 3.2";
			developmentRegion = English;
			hasScannedForEncodings = 0;
			knownRegions = (
				en,
				Base,
			);
			mainGroup = 05C077891924EC12005AB425;
			productRefGroup = 05C077931924EC12005AB425 /* Products */;
			projectDirPath = "";
			projectRoot = "";
			targets = (
				05C077911924EC12005AB425 /* watchr */,
				05C077B81924EC12005AB425 /* watchrTests */,
			);
		};
/* End PBXProject section */

/* Begin PBXResourcesBuildPhase section */
		05C077901924EC12005AB425 /* Resources */ = {
			isa = PBXResourcesBuildPhase;
			buildActionMask = 2147483647;
			files = (
				05BB5EF8192F56BF00D9BE6A /* TDEventDescriptionView.xib in Resources */,
				05228135192BB0B6000E8868 /* pin-small-icon@2x.png in Resources */,
				054F405A192E1ACA00960ABE /* EventStoryboard_iPhone.storyboard in Resources */,
				05BB5F1A192F7C1800D9BE6A /* menu-spots-icon-off@2x.png in Resources */,
				05BB5F14192F7C1800D9BE6A /* menu-friends-icon-on@2x.png in Resources */,
				058117641925FCC700B79087 /* bg-yellow.png in Resources */,
				05C077AC1924EC12005AB425 /* Main_iPad.storyboard in Resources */,
				058117661925FD6F00B79087 /* bg-red.jpg in Resources */,
				05C077B41924EC12005AB425 /* Images.xcassets in Resources */,
				05228140192BC3F5000E8868 /* tags-small-icon@2x.png in Resources */,
				058117621925FC6E00B79087 /* blurred-violet.jpg in Resources */,
				05BB5F15192F7C1800D9BE6A /* menu-notification-button-off@2x.png in Resources */,
				05C077A91924EC12005AB425 /* Main_iPhone.storyboard in Resources */,
				05228134192BB0B6000E8868 /* pin-small-icon.png in Resources */,
				05BB5F17192F7C1800D9BE6A /* menu-request-button-off@2x.png in Resources */,
				05C0783E19253C6E005AB425 /* back-chevron@2x.png in Resources */,
				05BB5F12192F7C1800D9BE6A /* menu-feed-icon-on@2x.png in Resources */,
				05BB5F19192F7C1800D9BE6A /* menu-settings-icon-on@2x.png in Resources */,
				05C077A01924EC12005AB425 /* InfoPlist.strings in Resources */,
				05C0783F19253C6E005AB425 /* login-background@2x.png in Resources */,
				05C0783D19253C6E005AB425 /* back-chevron.png in Resources */,
				05BB5F1B192F7C1800D9BE6A /* menu-spots-icon-on@2x.png in Resources */,
				05C0784019253C6E005AB425 /* login-button-clear.png in Resources */,
				05C40A63192A7151002F1F1A /* DashboardStoryboard_iPhone.storyboard in Resources */,
				0522813D192BC3F5000E8868 /* sort-small-icon.png in Resources */,
				05228141192BC3F5000E8868 /* user-location-small-icon.png in Resources */,
				05BB5F18192F7C1800D9BE6A /* menu-request-button-on@2x.png in Resources */,
				05BB5F1C192F7C1800D9BE6A /* watchr-menu-button@2x.png in Resources */,
				05228142192BC3F5000E8868 /* user-location-small-icon@2x.png in Resources */,
				05BB5F16192F7C1800D9BE6A /* menu-notification-button-on@2x.png in Resources */,
				05C0782F1924FCE5005AB425 /* blurred-background.png in Resources */,
				05C077D51924EE2B005AB425 /* IntroStoryboard_iPhone.storyboard in Resources */,
				05228132192BB0B6000E8868 /* importance-icon.png in Resources */,
				05C0784119253C6E005AB425 /* login-button-clear@2x.png in Resources */,
				0522813F192BC3F5000E8868 /* tags-small-icon.png in Resources */,
				05BB5F13192F7C1800D9BE6A /* menu-friends-icon-off@2x.png in Resources */,
				0522813E192BC3F5000E8868 /* sort-small-icon@2x.png in Resources */,
				05BB5F11192F7C1800D9BE6A /* menu-feed-icon-off@2x.png in Resources */,
				05228133192BB0B6000E8868 /* importance-icon@2x.png in Resources */,
			);
			runOnlyForDeploymentPostprocessing = 0;
		};
		05C077B71924EC12005AB425 /* Resources */ = {
			isa = PBXResourcesBuildPhase;
			buildActionMask = 2147483647;
			files = (
				05C077C51924EC12005AB425 /* InfoPlist.strings in Resources */,
			);
			runOnlyForDeploymentPostprocessing = 0;
		};
/* End PBXResourcesBuildPhase section */

/* Begin PBXSourcesBuildPhase section */
		05C0778E1924EC12005AB425 /* Sources */ = {
			isa = PBXSourcesBuildPhase;
			buildActionMask = 2147483647;
			files = (
				054F409A192E2CA600960ABE /* UIImageView+HighlightedWebCache.m in Sources */,
				05C40A79192A8018002F1F1A /* ShadowView.m in Sources */,
				0578F9831928BDCA00F8F7B3 /* ECSlidingInteractiveTransition.m in Sources */,
				05409D7F192557CE00E8544C /* FBShimmeringLayer.m in Sources */,
				054F4062192E21D500960ABE /* UIScrollView+APParallaxHeader.m in Sources */,
				05C40A78192A8018002F1F1A /* PaperFoldView.m in Sources */,
				054F409B192E2CA600960ABE /* UIImageView+WebCache.m in Sources */,
				05C40A51192A4D8E002F1F1A /* MEFoldAnimationController.m in Sources */,
				05C40A5C192A60B9002F1F1A /* TDCoreNavigationController.m in Sources */,
				054F4096192E2CA600960ABE /* UIButton+WebCache.m in Sources */,
				05C077A61924EC12005AB425 /* TDAppDelegate.m in Sources */,
				05C40A53192A4D8E002F1F1A /* MEDynamicTransition.m in Sources */,
				05C40A75192A8018002F1F1A /* FacingView.m in Sources */,
				054F4097192E2CA600960ABE /* UIImage+GIF.m in Sources */,
				054F4095192E2CA600960ABE /* SDWebImagePrefetcher.m in Sources */,
				05C40A76192A8018002F1F1A /* FoldView.m in Sources */,
				05C40A52192A4D8E002F1F1A /* MEZoomAnimationController.m in Sources */,
				0578F9811928BDCA00F8F7B3 /* ECPercentDrivenInteractiveTransition.m in Sources */,
				054F4090192E2CA600960ABE /* SDWebImageCompat.m in Sources */,
				054F4092192E2CA600960ABE /* SDWebImageDownloader.m in Sources */,
				054F4093192E2CA600960ABE /* SDWebImageDownloaderOperation.m in Sources */,
				05BB5F02192F59C100D9BE6A /* ILTranslucentView.m in Sources */,
				054F4091192E2CA600960ABE /* SDWebImageDecoder.m in Sources */,
				054F4094192E2CA600960ABE /* SDWebImageManager.m in Sources */,
				05409D80192557CE00E8544C /* FBShimmeringView.m in Sources */,
				05C0783719253B73005AB425 /* TDRegisterViewController.m in Sources */,
				05C40A57192A4E30002F1F1A /* METransitions.m in Sources */,
				05C0783419253B63005AB425 /* TDLoginViewController.m in Sources */,
				054F405E192E210C00960ABE /* TDCarouselView.m in Sources */,
				05228145192BD501000E8868 /* TDDashboardFilterButton.m in Sources */,
				05228129192B86A6000E8868 /* UIView+Origami.m in Sources */,
				054F40A7192E46E500960ABE /* HeaderInsetTableView.m in Sources */,
				0578F9821928BDCA00F8F7B3 /* ECSlidingAnimationController.m in Sources */,
				05C40A77192A8018002F1F1A /* MultiFoldView.m in Sources */,
				05C077A21924EC12005AB425 /* main.m in Sources */,
				054F408D192E2CA600960ABE /* MKAnnotationView+WebCache.m in Sources */,
				054F40A2192E39C400960ABE /* UILabel+dynamicSizeMe.m in Sources */,
				054F4098192E2CA600960ABE /* UIImage+MultiFormat.m in Sources */,
				05C40A60192A676D002F1F1A /* TDDashboardViewController.m in Sources */,
				054F406C192E294600960ABE /* TDEventDetailsViewController.m in Sources */,
				054F408E192E2CA600960ABE /* NSData+ImageContentType.m in Sources */,
				0578F9841928BDCA00F8F7B3 /* ECSlidingSegue.m in Sources */,
				05BB5EFF192F594F00D9BE6A /* FXBlurView.m in Sources */,
				054F4099192E2CA600960ABE /* UIImage+WebP.m in Sources */,
				05BB5F20192F7DBB00D9BE6A /* TDSideMenuViewController.m in Sources */,
				05BB5EFB192F572700D9BE6A /* TDEventDescriptionView.m in Sources */,
				0578F9851928BDCA00F8F7B3 /* ECSlidingViewController.m in Sources */,
				0522812C192BAD82000E8868 /* TDDashboardEventTableViewCell.m in Sources */,
				05C40A7B192A8018002F1F1A /* UIView+Screenshot.m in Sources */,
				05C40A7A192A8018002F1F1A /* TouchThroughUIView.m in Sources */,
				05C077DA1924EF03005AB425 /* TDWelcomeScreenViewController.m in Sources */,
				0578F9861928BDCA00F8F7B3 /* UIViewController+ECSlidingViewController.m in Sources */,
				054F408F192E2CA600960ABE /* SDImageCache.m in Sources */,
			);
			runOnlyForDeploymentPostprocessing = 0;
		};
		05C077B51924EC12005AB425 /* Sources */ = {
			isa = PBXSourcesBuildPhase;
			buildActionMask = 2147483647;
			files = (
				05C077C71924EC12005AB425 /* watchrTests.m in Sources */,
			);
			runOnlyForDeploymentPostprocessing = 0;
		};
/* End PBXSourcesBuildPhase section */

/* Begin PBXTargetDependency section */
		05C077BF1924EC12005AB425 /* PBXTargetDependency */ = {
			isa = PBXTargetDependency;
			target = 05C077911924EC12005AB425 /* watchr */;
			targetProxy = 05C077BE1924EC12005AB425 /* PBXContainerItemProxy */;
		};
/* End PBXTargetDependency section */

/* Begin PBXVariantGroup section */
		05C0779E1924EC12005AB425 /* InfoPlist.strings */ = {
			isa = PBXVariantGroup;
			children = (
				05C0779F1924EC12005AB425 /* en */,
			);
			name = InfoPlist.strings;
			sourceTree = "<group>";
		};
		05C077A71924EC12005AB425 /* Main_iPhone.storyboard */ = {
			isa = PBXVariantGroup;
			children = (
				05C077A81924EC12005AB425 /* Base */,
			);
			name = Main_iPhone.storyboard;
			sourceTree = "<group>";
		};
		05C077AA1924EC12005AB425 /* Main_iPad.storyboard */ = {
			isa = PBXVariantGroup;
			children = (
				05C077AB1924EC12005AB425 /* Base */,
			);
			name = Main_iPad.storyboard;
			sourceTree = "<group>";
		};
		05C077C31924EC12005AB425 /* InfoPlist.strings */ = {
			isa = PBXVariantGroup;
			children = (
				05C077C41924EC12005AB425 /* en */,
			);
			name = InfoPlist.strings;
			sourceTree = "<group>";
		};
/* End PBXVariantGroup section */

/* Begin XCBuildConfiguration section */
		05C077C81924EC12005AB425 /* Debug */ = {
			isa = XCBuildConfiguration;
			buildSettings = {
				ALWAYS_SEARCH_USER_PATHS = NO;
				CLANG_CXX_LANGUAGE_STANDARD = "gnu++0x";
				CLANG_CXX_LIBRARY = "libc++";
				CLANG_ENABLE_MODULES = YES;
				CLANG_ENABLE_OBJC_ARC = YES;
				CLANG_WARN_BOOL_CONVERSION = YES;
				CLANG_WARN_CONSTANT_CONVERSION = YES;
				CLANG_WARN_DIRECT_OBJC_ISA_USAGE = YES_ERROR;
				CLANG_WARN_EMPTY_BODY = YES;
				CLANG_WARN_ENUM_CONVERSION = YES;
				CLANG_WARN_INT_CONVERSION = YES;
				CLANG_WARN_OBJC_ROOT_CLASS = YES_ERROR;
				CLANG_WARN__DUPLICATE_METHOD_MATCH = YES;
				"CODE_SIGN_IDENTITY[sdk=iphoneos*]" = "iPhone Developer";
				COPY_PHASE_STRIP = NO;
				GCC_C_LANGUAGE_STANDARD = gnu99;
				GCC_DYNAMIC_NO_PIC = NO;
				GCC_OPTIMIZATION_LEVEL = 0;
				GCC_PREPROCESSOR_DEFINITIONS = (
					"DEBUG=1",
					"$(inherited)",
				);
				GCC_SYMBOLS_PRIVATE_EXTERN = NO;
				GCC_WARN_64_TO_32_BIT_CONVERSION = YES;
				GCC_WARN_ABOUT_RETURN_TYPE = YES_ERROR;
				GCC_WARN_UNDECLARED_SELECTOR = YES;
				GCC_WARN_UNINITIALIZED_AUTOS = YES_AGGRESSIVE;
				GCC_WARN_UNUSED_FUNCTION = YES;
				GCC_WARN_UNUSED_VARIABLE = YES;
				IPHONEOS_DEPLOYMENT_TARGET = 7.1;
				ONLY_ACTIVE_ARCH = YES;
				SDKROOT = iphoneos;
				TARGETED_DEVICE_FAMILY = "1,2";
			};
			name = Debug;
		};
		05C077C91924EC12005AB425 /* Release */ = {
			isa = XCBuildConfiguration;
			buildSettings = {
				ALWAYS_SEARCH_USER_PATHS = NO;
				CLANG_CXX_LANGUAGE_STANDARD = "gnu++0x";
				CLANG_CXX_LIBRARY = "libc++";
				CLANG_ENABLE_MODULES = YES;
				CLANG_ENABLE_OBJC_ARC = YES;
				CLANG_WARN_BOOL_CONVERSION = YES;
				CLANG_WARN_CONSTANT_CONVERSION = YES;
				CLANG_WARN_DIRECT_OBJC_ISA_USAGE = YES_ERROR;
				CLANG_WARN_EMPTY_BODY = YES;
				CLANG_WARN_ENUM_CONVERSION = YES;
				CLANG_WARN_INT_CONVERSION = YES;
				CLANG_WARN_OBJC_ROOT_CLASS = YES_ERROR;
				CLANG_WARN__DUPLICATE_METHOD_MATCH = YES;
				"CODE_SIGN_IDENTITY[sdk=iphoneos*]" = "iPhone Developer";
				COPY_PHASE_STRIP = YES;
				ENABLE_NS_ASSERTIONS = NO;
				GCC_C_LANGUAGE_STANDARD = gnu99;
				GCC_WARN_64_TO_32_BIT_CONVERSION = YES;
				GCC_WARN_ABOUT_RETURN_TYPE = YES_ERROR;
				GCC_WARN_UNDECLARED_SELECTOR = YES;
				GCC_WARN_UNINITIALIZED_AUTOS = YES_AGGRESSIVE;
				GCC_WARN_UNUSED_FUNCTION = YES;
				GCC_WARN_UNUSED_VARIABLE = YES;
				IPHONEOS_DEPLOYMENT_TARGET = 7.1;
				SDKROOT = iphoneos;
				TARGETED_DEVICE_FAMILY = "1,2";
				VALIDATE_PRODUCT = YES;
			};
			name = Release;
		};
		05C077CB1924EC12005AB425 /* Debug */ = {
			isa = XCBuildConfiguration;
			buildSettings = {
				ASSETCATALOG_COMPILER_APPICON_NAME = AppIcon;
				ASSETCATALOG_COMPILER_LAUNCHIMAGE_NAME = LaunchImage;
				CODE_SIGN_IDENTITY = "iPhone Developer";
				GCC_PRECOMPILE_PREFIX_HEADER = YES;
				GCC_PREFIX_HEADER = "watchr/watchr-Prefix.pch";
				INFOPLIST_FILE = "watchr/watchr-Info.plist";
				IPHONEOS_DEPLOYMENT_TARGET = 7.0;
				LIBRARY_SEARCH_PATHS = (
					"$(inherited)",
					"$(PROJECT_DIR)",
				);
				PRODUCT_NAME = "$(TARGET_NAME)";
				WRAPPER_EXTENSION = app;
			};
			name = Debug;
		};
		05C077CC1924EC12005AB425 /* Release */ = {
			isa = XCBuildConfiguration;
			buildSettings = {
				ASSETCATALOG_COMPILER_APPICON_NAME = AppIcon;
				ASSETCATALOG_COMPILER_LAUNCHIMAGE_NAME = LaunchImage;
				CODE_SIGN_IDENTITY = "iPhone Developer";
				GCC_PRECOMPILE_PREFIX_HEADER = YES;
				GCC_PREFIX_HEADER = "watchr/watchr-Prefix.pch";
				INFOPLIST_FILE = "watchr/watchr-Info.plist";
				IPHONEOS_DEPLOYMENT_TARGET = 7.0;
				LIBRARY_SEARCH_PATHS = (
					"$(inherited)",
					"$(PROJECT_DIR)",
				);
				PRODUCT_NAME = "$(TARGET_NAME)";
				WRAPPER_EXTENSION = app;
			};
			name = Release;
		};
		05C077CE1924EC12005AB425 /* Debug */ = {
			isa = XCBuildConfiguration;
			buildSettings = {
				BUNDLE_LOADER = "$(BUILT_PRODUCTS_DIR)/watchr.app/watchr";
				FRAMEWORK_SEARCH_PATHS = (
					"$(SDKROOT)/Developer/Library/Frameworks",
					"$(inherited)",
					"$(DEVELOPER_FRAMEWORKS_DIR)",
				);
				GCC_PRECOMPILE_PREFIX_HEADER = YES;
				GCC_PREFIX_HEADER = "watchr/watchr-Prefix.pch";
				GCC_PREPROCESSOR_DEFINITIONS = (
					"DEBUG=1",
					"$(inherited)",
				);
				INFOPLIST_FILE = "watchrTests/watchrTests-Info.plist";
				PRODUCT_NAME = "$(TARGET_NAME)";
				TEST_HOST = "$(BUNDLE_LOADER)";
				WRAPPER_EXTENSION = xctest;
			};
			name = Debug;
		};
		05C077CF1924EC12005AB425 /* Release */ = {
			isa = XCBuildConfiguration;
			buildSettings = {
				BUNDLE_LOADER = "$(BUILT_PRODUCTS_DIR)/watchr.app/watchr";
				FRAMEWORK_SEARCH_PATHS = (
					"$(SDKROOT)/Developer/Library/Frameworks",
					"$(inherited)",
					"$(DEVELOPER_FRAMEWORKS_DIR)",
				);
				GCC_PRECOMPILE_PREFIX_HEADER = YES;
				GCC_PREFIX_HEADER = "watchr/watchr-Prefix.pch";
				INFOPLIST_FILE = "watchrTests/watchrTests-Info.plist";
				PRODUCT_NAME = "$(TARGET_NAME)";
				TEST_HOST = "$(BUNDLE_LOADER)";
				WRAPPER_EXTENSION = xctest;
			};
			name = Release;
		};
/* End XCBuildConfiguration section */

/* Begin XCConfigurationList section */
		05C0778D1924EC12005AB425 /* Build configuration list for PBXProject "watchr" */ = {
			isa = XCConfigurationList;
			buildConfigurations = (
				05C077C81924EC12005AB425 /* Debug */,
				05C077C91924EC12005AB425 /* Release */,
			);
			defaultConfigurationIsVisible = 0;
			defaultConfigurationName = Release;
		};
		05C077CA1924EC12005AB425 /* Build configuration list for PBXNativeTarget "watchr" */ = {
			isa = XCConfigurationList;
			buildConfigurations = (
				05C077CB1924EC12005AB425 /* Debug */,
				05C077CC1924EC12005AB425 /* Release */,
			);
			defaultConfigurationIsVisible = 0;
			defaultConfigurationName = Release;
		};
		05C077CD1924EC12005AB425 /* Build configuration list for PBXNativeTarget "watchrTests" */ = {
			isa = XCConfigurationList;
			buildConfigurations = (
				05C077CE1924EC12005AB425 /* Debug */,
				05C077CF1924EC12005AB425 /* Release */,
			);
			defaultConfigurationIsVisible = 0;
			defaultConfigurationName = Release;
		};
/* End XCConfigurationList section */
	};
	rootObject = 05C0778A1924EC12005AB425 /* Project object */;
}
